version = 1
requires-python = ">=3.12"

[[package]]
name = "anyio"
version = "4.4.0"
source = { registry = "https://pypi.org/simple" }
dependencies = [
    { name = "idna" },
    { name = "sniffio" },
]
sdist = { url = "https://files.pythonhosted.org/packages/e6/e3/c4c8d473d6780ef1853d630d581f70d655b4f8d7553c6997958c283039a2/anyio-4.4.0.tar.gz", hash = "sha256:5aadc6a1bbb7cdb0bede386cac5e2940f5e2ff3aa20277e991cf028e0585ce94", size = 163930 }
wheels = [
    { url = "https://files.pythonhosted.org/packages/7b/a2/10639a79341f6c019dedc95bd48a4928eed9f1d1197f4c04f546fc7ae0ff/anyio-4.4.0-py3-none-any.whl", hash = "sha256:c1b2d8f46a8a812513012e1107cb0e68c17159a7a594208005a57dc776e1bdc7", size = 86780 },
]

[[package]]
name = "chevron-blue"
version = "0.2.1"
source = { registry = "https://pypi.org/simple" }
sdist = { url = "https://files.pythonhosted.org/packages/9a/44/52293d3b0238318222a9bbf9092c53ad34afd1fc4dad7e30f4ce85cdfddd/chevron_blue-0.2.1.tar.gz", hash = "sha256:fec5d54f2a71883c74a6e8266936aeaf2b2427c91dd32dc77e5cc64cdbf1c7d2", size = 8702 }
wheels = [
    { url = "https://files.pythonhosted.org/packages/d9/f1/b959f5888a68017736384b90b8bb4a5ba78b32b3df7b5e31a2446ec17cba/chevron_blue-0.2.1-py3-none-any.whl", hash = "sha256:ab9accbb5c5f42ba224821904a4f14642cbc6d117706a8b105723bc80e733dea", size = 10306 },
]

[[package]]
name = "colorama"
version = "0.4.6"
source = { registry = "https://pypi.org/simple" }
sdist = { url = "https://files.pythonhosted.org/packages/d8/53/6f443c9a4a8358a93a6792e2acffb9d9d5cb0a5cfd8802644b7b1c9a02e4/colorama-0.4.6.tar.gz", hash = "sha256:08695f5cb7ed6e0531a20572697297273c47b8cae5a63ffc6d6ed5c201be6e44", size = 27697 }
wheels = [
    { url = "https://files.pythonhosted.org/packages/d1/d6/3965ed04c63042e047cb6a3e6ed1a63a35087b6a609aa3a15ed8ac56c221/colorama-0.4.6-py2.py3-none-any.whl", hash = "sha256:4f1d9991f5acc0ca119f9d443620b77f9d6b33703e51011c16baf57afb285fc6", size = 25335 },
]

[[package]]
name = "hatchling"
version = "1.25.0"
source = { registry = "https://pypi.org/simple" }
dependencies = [
    { name = "packaging" },
    { name = "pathspec" },
    { name = "pluggy" },
    { name = "trove-classifiers" },
]
sdist = { url = "https://files.pythonhosted.org/packages/a3/51/8a4a67a8174ce59cf49e816e38e9502900aea9b4af672d0127df8e10d3b0/hatchling-1.25.0.tar.gz", hash = "sha256:7064631a512610b52250a4d3ff1bd81551d6d1431c4eb7b72e734df6c74f4262", size = 64632 }
wheels = [
    { url = "https://files.pythonhosted.org/packages/0c/8b/90e80904fdc24ce33f6fc6f35ebd2232fe731a8528a22008458cf197bc4d/hatchling-1.25.0-py3-none-any.whl", hash = "sha256:b47948e45d4d973034584dd4cb39c14b6a70227cf287ab7ec0ad7983408a882c", size = 84077 },
]

[[package]]
name = "idna"
version = "3.7"
source = { registry = "https://pypi.org/simple" }
sdist = { url = "https://files.pythonhosted.org/packages/21/ed/f86a79a07470cb07819390452f178b3bef1d375f2ec021ecfc709fc7cf07/idna-3.7.tar.gz", hash = "sha256:028ff3aadf0609c1fd278d8ea3089299412a7a8b9bd005dd08b9f8285bcb5cfc", size = 189575 }
wheels = [
    { url = "https://files.pythonhosted.org/packages/e5/3e/741d8c82801c347547f8a2a06aa57dbb1992be9e948df2ea0eda2c8b79e8/idna-3.7-py3-none-any.whl", hash = "sha256:82fee1fc78add43492d3a1898bfa6d8a904cc97d8427f683ed8e798d07761aa0", size = 66836 },
]

[[package]]
name = "iniconfig"
version = "2.0.0"
source = { registry = "https://pypi.org/simple" }
sdist = { url = "https://files.pythonhosted.org/packages/d7/4b/cbd8e699e64a6f16ca3a8220661b5f83792b3017d0f79807cb8708d33913/iniconfig-2.0.0.tar.gz", hash = "sha256:2d91e135bf72d31a410b17c16da610a82cb55f6b0477d1a902134b24a455b8b3", size = 4646 }
wheels = [
    { url = "https://files.pythonhosted.org/packages/ef/a6/62565a6e1cf69e10f5727360368e451d4b7f58beeac6173dc9db836a5b46/iniconfig-2.0.0-py3-none-any.whl", hash = "sha256:b6a85871a79d2e3b22d2d1b94ac2824226a63c6b741c88f7ae975f18b6778374", size = 5892 },
]

[[package]]
name = "msgspec"
version = "0.18.6"
source = { registry = "https://pypi.org/simple" }
sdist = { url = "https://files.pythonhosted.org/packages/5e/fb/42b1865063fddb14dbcbb6e74e0a366ecf1ba371c4948664dde0b0e10f95/msgspec-0.18.6.tar.gz", hash = "sha256:a59fc3b4fcdb972d09138cb516dbde600c99d07c38fd9372a6ef500d2d031b4e", size = 216757 }
wheels = [
    { url = "https://files.pythonhosted.org/packages/1d/b5/c8fbf1db814eb29eda402952374b594b2559419ba7ec6d0997a9e5687530/msgspec-0.18.6-cp312-cp312-macosx_10_9_x86_64.whl", hash = "sha256:d86f5071fe33e19500920333c11e2267a31942d18fed4d9de5bc2fbab267d28c", size = 202109 },
    { url = "https://files.pythonhosted.org/packages/d7/9a/235d2dbab078a0b8e6f338205dc59be0b027ce000554ee6a9c41b19339e5/msgspec-0.18.6-cp312-cp312-macosx_11_0_arm64.whl", hash = "sha256:ce13981bfa06f5eb126a3a5a38b1976bddb49a36e4f46d8e6edecf33ccf11df1", size = 190281 },
    { url = "https://files.pythonhosted.org/packages/0e/f2/f864ed36a8a62c26b57c3e08d212bd8f3d12a3ca3ef64600be5452aa3c82/msgspec-0.18.6-cp312-cp312-manylinux_2_17_aarch64.manylinux2014_aarch64.whl", hash = "sha256:e97dec6932ad5e3ee1e3c14718638ba333befc45e0661caa57033cd4cc489466", size = 210305 },
    { url = "https://files.pythonhosted.org/packages/73/16/dfef780ced7d690dd5497846ed242ef3e27e319d59d1ddaae816a4f2c15e/msgspec-0.18.6-cp312-cp312-manylinux_2_17_x86_64.manylinux2014_x86_64.whl", hash = "sha256:ad237100393f637b297926cae1868b0d500f764ccd2f0623a380e2bcfb2809ca", size = 212510 },
    { url = "https://files.pythonhosted.org/packages/c1/90/f5b3a788c4b3d92190e3345d1afa3dd107d5f16b8194e1f61b72582ee9bd/msgspec-0.18.6-cp312-cp312-musllinux_1_1_aarch64.whl", hash = "sha256:db1d8626748fa5d29bbd15da58b2d73af25b10aa98abf85aab8028119188ed57", size = 214844 },
    { url = "https://files.pythonhosted.org/packages/ce/0b/d4cc1b09f8dfcc6cc4cc9739c13a86e093fe70257b941ea9feb15df22996/msgspec-0.18.6-cp312-cp312-musllinux_1_1_x86_64.whl", hash = "sha256:d70cb3d00d9f4de14d0b31d38dfe60c88ae16f3182988246a9861259c6722af6", size = 217113 },
    { url = "https://files.pythonhosted.org/packages/3f/76/30d8f152299f65c85c46a2cbeaf95ad1d18516b5ce730acdaef696d4cfe6/msgspec-0.18.6-cp312-cp312-win_amd64.whl", hash = "sha256:1003c20bfe9c6114cc16ea5db9c5466e49fae3d7f5e2e59cb70693190ad34da0", size = 187184 },
]

[[package]]
name = "packaging"
version = "24.1"
source = { registry = "https://pypi.org/simple" }
sdist = { url = "https://files.pythonhosted.org/packages/51/65/50db4dda066951078f0a96cf12f4b9ada6e4b811516bf0262c0f4f7064d4/packaging-24.1.tar.gz", hash = "sha256:026ed72c8ed3fcce5bf8950572258698927fd1dbda10a5e981cdf0ac37f4f002", size = 148788 }
wheels = [
    { url = "https://files.pythonhosted.org/packages/08/aa/cc0199a5f0ad350994d660967a8efb233fe0416e4639146c089643407ce6/packaging-24.1-py3-none-any.whl", hash = "sha256:5b8f2217dbdbd2f7f384c41c628544e6d52f2d0f53c6d0c3ea61aa5d1d7ff124", size = 53985 },
]

[[package]]
name = "packse"
version = "0.0.0"
source = { editable = "." }
dependencies = [
    { name = "chevron-blue" },
    { name = "hatchling" },
    { name = "msgspec" },
    { name = "pyyaml" },
    { name = "setuptools" },
    { name = "uv" },
]

[package.optional-dependencies]
index = [
    { name = "pypiserver" },
]
serve = [
    { name = "pypiserver" },
    { name = "watchfiles" },
]

[package.dev-dependencies]
dev = [
    { name = "psutil" },
    { name = "pytest" },
    { name = "syrupy" },
]

[package.metadata]
requires-dist = [
    { name = "chevron-blue", specifier = ">=0.2.1" },
    { name = "hatchling", specifier = ">=1.20.0" },
    { name = "msgspec", specifier = ">=0.18.4" },
    { name = "packse", extras = ["index"], marker = "extra == 'serve'" },
    { name = "pypiserver", marker = "extra == 'index'", specifier = ">=2.0.1" },
    { name = "pyyaml", specifier = ">=6.0.1" },
    { name = "setuptools", specifier = ">=69.1.1" },
    { name = "uv", specifier = ">=0.4.17" },
    { name = "watchfiles", marker = "extra == 'serve'", specifier = ">=0.21.0" },
]

[package.metadata.requires-dev]
dev = [
    { name = "psutil", specifier = ">=5.9.7" },
    { name = "pytest", specifier = ">=7.4.3" },
    { name = "syrupy", specifier = ">=4.6.0" },
]

[[package]]
name = "pathspec"
version = "0.12.1"
source = { registry = "https://pypi.org/simple" }
sdist = { url = "https://files.pythonhosted.org/packages/ca/bc/f35b8446f4531a7cb215605d100cd88b7ac6f44ab3fc94870c120ab3adbf/pathspec-0.12.1.tar.gz", hash = "sha256:a482d51503a1ab33b1c67a6c3813a26953dbdc71c31dacaef9a838c4e29f5712", size = 51043 }
wheels = [
    { url = "https://files.pythonhosted.org/packages/cc/20/ff623b09d963f88bfde16306a54e12ee5ea43e9b597108672ff3a408aad6/pathspec-0.12.1-py3-none-any.whl", hash = "sha256:a0d503e138a4c123b27490a4f7beda6a01c6f288df0e4a8b79c7eb0dc7b4cc08", size = 31191 },
]

[[package]]
name = "pip"
version = "24.1.2"
source = { registry = "https://pypi.org/simple" }
sdist = { url = "https://files.pythonhosted.org/packages/12/3d/d899257cace386bebb7bdf8a872d5fe3b935cc6381c3ddb76d3e5d99890d/pip-24.1.2.tar.gz", hash = "sha256:e5458a0b89f2755e0ee8c0c77613fe5273e05f337907874d64f13171a898a7ff", size = 1926029 }
wheels = [
    { url = "https://files.pythonhosted.org/packages/e7/54/0c1c068542cee73d8863336e974fc881e608d0170f3af15d0c0f28644531/pip-24.1.2-py3-none-any.whl", hash = "sha256:7cd207eed4c60b0f411b444cd1464198fe186671c323b6cd6d433ed80fc9d247", size = 1824406 },
]

[[package]]
name = "pluggy"
version = "1.5.0"
source = { registry = "https://pypi.org/simple" }
sdist = { url = "https://files.pythonhosted.org/packages/96/2d/02d4312c973c6050a18b314a5ad0b3210edb65a906f868e31c111dede4a6/pluggy-1.5.0.tar.gz", hash = "sha256:2cffa88e94fdc978c4c574f15f9e59b7f4201d439195c3715ca9e2486f1d0cf1", size = 67955 }
wheels = [
    { url = "https://files.pythonhosted.org/packages/88/5f/e351af9a41f866ac3f1fac4ca0613908d9a41741cfcf2228f4ad853b697d/pluggy-1.5.0-py3-none-any.whl", hash = "sha256:44e1ad92c8ca002de6377e165f3e0f1be63266ab4d554740532335b9d75ea669", size = 20556 },
]

[[package]]
name = "psutil"
version = "6.0.0"
source = { registry = "https://pypi.org/simple" }
sdist = { url = "https://files.pythonhosted.org/packages/18/c7/8c6872f7372eb6a6b2e4708b88419fb46b857f7a2e1892966b851cc79fc9/psutil-6.0.0.tar.gz", hash = "sha256:8faae4f310b6d969fa26ca0545338b21f73c6b15db7c4a8d934a5482faa818f2", size = 508067 }
wheels = [
    { url = "https://files.pythonhosted.org/packages/c5/66/78c9c3020f573c58101dc43a44f6855d01bbbd747e24da2f0c4491200ea3/psutil-6.0.0-cp27-none-win32.whl", hash = "sha256:02b69001f44cc73c1c5279d02b30a817e339ceb258ad75997325e0e6169d8b35", size = 249766 },
    { url = "https://files.pythonhosted.org/packages/e1/3f/2403aa9558bea4d3854b0e5e567bc3dd8e9fbc1fc4453c0aa9aafeb75467/psutil-6.0.0-cp27-none-win_amd64.whl", hash = "sha256:21f1fb635deccd510f69f485b87433460a603919b45e2a324ad65b0cc74f8fb1", size = 253024 },
    { url = "https://files.pythonhosted.org/packages/0b/37/f8da2fbd29690b3557cca414c1949f92162981920699cd62095a984983bf/psutil-6.0.0-cp36-abi3-macosx_10_9_x86_64.whl", hash = "sha256:c588a7e9b1173b6e866756dde596fd4cad94f9399daf99ad8c3258b3cb2b47a0", size = 250961 },
    { url = "https://files.pythonhosted.org/packages/35/56/72f86175e81c656a01c4401cd3b1c923f891b31fbcebe98985894176d7c9/psutil-6.0.0-cp36-abi3-manylinux_2_12_i686.manylinux2010_i686.manylinux_2_17_i686.manylinux2014_i686.whl", hash = "sha256:6ed2440ada7ef7d0d608f20ad89a04ec47d2d3ab7190896cd62ca5fc4fe08bf0", size = 287478 },
    { url = "https://files.pythonhosted.org/packages/19/74/f59e7e0d392bc1070e9a70e2f9190d652487ac115bb16e2eff6b22ad1d24/psutil-6.0.0-cp36-abi3-manylinux_2_12_x86_64.manylinux2010_x86_64.manylinux_2_17_x86_64.manylinux2014_x86_64.whl", hash = "sha256:5fd9a97c8e94059b0ef54a7d4baf13b405011176c3b6ff257c247cae0d560ecd", size = 290455 },
    { url = "https://files.pythonhosted.org/packages/cd/5f/60038e277ff0a9cc8f0c9ea3d0c5eb6ee1d2470ea3f9389d776432888e47/psutil-6.0.0-cp36-abi3-manylinux_2_17_aarch64.manylinux2014_aarch64.whl", hash = "sha256:e2e8d0054fc88153ca0544f5c4d554d42e33df2e009c4ff42284ac9ebdef4132", size = 292046 },
    { url = "https://files.pythonhosted.org/packages/8b/20/2ff69ad9c35c3df1858ac4e094f20bd2374d33c8643cf41da8fd7cdcb78b/psutil-6.0.0-cp37-abi3-win32.whl", hash = "sha256:a495580d6bae27291324fe60cea0b5a7c23fa36a7cd35035a16d93bdcf076b9d", size = 253560 },
    { url = "https://files.pythonhosted.org/packages/73/44/561092313ae925f3acfaace6f9ddc4f6a9c748704317bad9c8c8f8a36a79/psutil-6.0.0-cp37-abi3-win_amd64.whl", hash = "sha256:33ea5e1c975250a720b3a6609c490db40dae5d83a4eb315170c4fe0d8b1f34b3", size = 257399 },
    { url = "https://files.pythonhosted.org/packages/7c/06/63872a64c312a24fb9b4af123ee7007a306617da63ff13bcc1432386ead7/psutil-6.0.0-cp38-abi3-macosx_11_0_arm64.whl", hash = "sha256:ffe7fc9b6b36beadc8c322f84e1caff51e8703b88eee1da46d1e3a6ae11b4fd0", size = 251988 },
]

[[package]]
name = "pypiserver"
version = "2.1.1"
source = { registry = "https://pypi.org/simple" }
dependencies = [
    { name = "packaging" },
    { name = "pip" },
]
sdist = { url = "https://files.pythonhosted.org/packages/bb/31/007c532dea348eae41cd309920c01263ddde18cd9a9c307a8d75e7994b38/pypiserver-2.1.1.tar.gz", hash = "sha256:3f15a94969265add2ef44a035117b8dd18d7525af871ed58ac2571276293579b", size = 188504 }
wheels = [
    { url = "https://files.pythonhosted.org/packages/97/1f/846aa2ea6e264efc2de4f293a2f548b8ac932041e1e0ab91eb81426983a7/pypiserver-2.1.1-py2.py3-none-any.whl", hash = "sha256:8c7ed96b2f76f2843e4a27002846bd7ebb7217e143cf60456ee6fa2a415c2d73", size = 92886 },
]

[[package]]
name = "pytest"
version = "8.2.2"
source = { registry = "https://pypi.org/simple" }
dependencies = [
    { name = "colorama", marker = "sys_platform == 'win32'" },
    { name = "iniconfig" },
    { name = "packaging" },
    { name = "pluggy" },
]
sdist = { url = "https://files.pythonhosted.org/packages/a6/58/e993ca5357553c966b9e73cb3475d9c935fe9488746e13ebdf9b80fae508/pytest-8.2.2.tar.gz", hash = "sha256:de4bb8104e201939ccdc688b27a89a7be2079b22e2bd2b07f806b6ba71117977", size = 1427980 }
wheels = [
    { url = "https://files.pythonhosted.org/packages/4e/e7/81ebdd666d3bff6670d27349b5053605d83d55548e6bd5711f3b0ae7dd23/pytest-8.2.2-py3-none-any.whl", hash = "sha256:c434598117762e2bd304e526244f67bf66bbd7b5d6cf22138be51ff661980343", size = 339873 },
]

[[package]]
name = "pyyaml"
version = "6.0.1"
source = { registry = "https://pypi.org/simple" }
sdist = { url = "https://files.pythonhosted.org/packages/cd/e5/af35f7ea75cf72f2cd079c95ee16797de7cd71f29ea7c68ae5ce7be1eda0/PyYAML-6.0.1.tar.gz", hash = "sha256:bfdf460b1736c775f2ba9f6a92bca30bc2095067b8a9d77876d1fad6cc3b4a43", size = 125201 }
wheels = [
    { url = "https://files.pythonhosted.org/packages/bc/06/1b305bf6aa704343be85444c9d011f626c763abb40c0edc1cad13bfd7f86/PyYAML-6.0.1-cp312-cp312-macosx_10_9_x86_64.whl", hash = "sha256:855fb52b0dc35af121542a76b9a84f8d1cd886ea97c84703eaa6d88e37a2ad28", size = 178692 },
    { url = "https://files.pythonhosted.org/packages/84/02/404de95ced348b73dd84f70e15a41843d817ff8c1744516bf78358f2ffd2/PyYAML-6.0.1-cp312-cp312-macosx_11_0_arm64.whl", hash = "sha256:40df9b996c2b73138957fe23a16a4f0ba614f4c0efce1e9406a184b6d07fa3a9", size = 165622 },
    { url = "https://files.pythonhosted.org/packages/c7/4c/4a2908632fc980da6d918b9de9c1d9d7d7e70b2672b1ad5166ed27841ef7/PyYAML-6.0.1-cp312-cp312-manylinux_2_17_aarch64.manylinux2014_aarch64.whl", hash = "sha256:a08c6f0fe150303c1c6b71ebcd7213c2858041a7e01975da3a99aed1e7a378ef", size = 696937 },
    { url = "https://files.pythonhosted.org/packages/b4/33/720548182ffa8344418126017aa1d4ab4aeec9a2275f04ce3f3573d8ace8/PyYAML-6.0.1-cp312-cp312-manylinux_2_17_x86_64.manylinux2014_x86_64.whl", hash = "sha256:6c22bec3fbe2524cde73d7ada88f6566758a8f7227bfbf93a408a9d86bcc12a0", size = 724969 },
    { url = "https://files.pythonhosted.org/packages/4f/78/77b40157b6cb5f2d3d31a3d9b2efd1ba3505371f76730d267e8b32cf4b7f/PyYAML-6.0.1-cp312-cp312-musllinux_1_1_x86_64.whl", hash = "sha256:8d4e9c88387b0f5c7d5f281e55304de64cf7f9c0021a3525bd3b1c542da3b0e4", size = 712604 },
    { url = "https://files.pythonhosted.org/packages/2e/97/3e0e089ee85e840f4b15bfa00e4e63d84a3691ababbfea92d6f820ea6f21/PyYAML-6.0.1-cp312-cp312-win32.whl", hash = "sha256:d483d2cdf104e7c9fa60c544d92981f12ad66a457afae824d146093b8c294c54", size = 126098 },
    { url = "https://files.pythonhosted.org/packages/2b/9f/fbade56564ad486809c27b322d0f7e6a89c01f6b4fe208402e90d4443a99/PyYAML-6.0.1-cp312-cp312-win_amd64.whl", hash = "sha256:0d3304d8c0adc42be59c5f8a4d9e3d7379e6955ad754aa9d6ab7a398b59dd1df", size = 138675 },
]

[[package]]
name = "setuptools"
version = "70.3.0"
source = { registry = "https://pypi.org/simple" }
sdist = { url = "https://files.pythonhosted.org/packages/65/d8/10a70e86f6c28ae59f101a9de6d77bf70f147180fbf40c3af0f64080adc3/setuptools-70.3.0.tar.gz", hash = "sha256:f171bab1dfbc86b132997f26a119f6056a57950d058587841a0082e8830f9dc5", size = 2333112 }
wheels = [
    { url = "https://files.pythonhosted.org/packages/ef/15/88e46eb9387e905704b69849618e699dc2f54407d8953cc4ec4b8b46528d/setuptools-70.3.0-py3-none-any.whl", hash = "sha256:fe384da74336c398e0d956d1cae0669bc02eed936cdb1d49b57de1990dc11ffc", size = 931070 },
]

[[package]]
name = "sniffio"
version = "1.3.1"
source = { registry = "https://pypi.org/simple" }
sdist = { url = "https://files.pythonhosted.org/packages/a2/87/a6771e1546d97e7e041b6ae58d80074f81b7d5121207425c964ddf5cfdbd/sniffio-1.3.1.tar.gz", hash = "sha256:f4324edc670a0f49750a81b895f35c3adb843cca46f0530f79fc1babb23789dc", size = 20372 }
wheels = [
    { url = "https://files.pythonhosted.org/packages/e9/44/75a9c9421471a6c4805dbf2356f7c181a29c1879239abab1ea2cc8f38b40/sniffio-1.3.1-py3-none-any.whl", hash = "sha256:2f6da418d1f1e0fddd844478f41680e794e6051915791a034ff65e5f100525a2", size = 10235 },
]

[[package]]
name = "syrupy"
version = "4.6.1"
source = { registry = "https://pypi.org/simple" }
dependencies = [
    { name = "pytest" },
]
sdist = { url = "https://files.pythonhosted.org/packages/57/1f/940533d37d87a89bce0ff9e071217a30bacda2c008ce20b8bc7f64094696/syrupy-4.6.1.tar.gz", hash = "sha256:37a835c9ce7857eeef86d62145885e10b3cb9615bc6abeb4ce404b3f18e1bb36", size = 47550 }
wheels = [
    { url = "https://files.pythonhosted.org/packages/10/37/c1a22c32b6736c7f0345b9573d6874c94a68aff19ca8d1015e3d5f8a91e1/syrupy-4.6.1-py3-none-any.whl", hash = "sha256:203e52f9cb9fa749cf683f29bd68f02c16c3bc7e7e5fe8f2fc59bdfe488ce133", size = 47211 },
]

[[package]]
name = "trove-classifiers"
version = "2024.7.2"
source = { registry = "https://pypi.org/simple" }
sdist = { url = "https://files.pythonhosted.org/packages/78/c9/83f915c3f6f94f4c862c7470284fd714f312cce8e3cf98361312bc02493d/trove_classifiers-2024.7.2.tar.gz", hash = "sha256:8328f2ac2ce3fd773cbb37c765a0ed7a83f89dc564c7d452f039b69249d0ac35", size = 16071 }
wheels = [
    { url = "https://files.pythonhosted.org/packages/0f/b0/09794439a62a7dc18bffdbf145aaf50297fd994890b11da27a13e376b947/trove_classifiers-2024.7.2-py3-none-any.whl", hash = "sha256:ccc57a33717644df4daca018e7ec3ef57a835c48e96a1e71fc07eb7edac67af6", size = 13468 },
]

[[package]]
name = "uv"
version = "0.4.17"
source = { registry = "https://pypi.org/simple" }
sdist = { url = "https://files.pythonhosted.org/packages/13/2d/0571a664ca452f9c9ee03019094622c3970f35981df1b413369ba742d0f0/uv-0.4.17.tar.gz", hash = "sha256:01564bd760eff885ad61f44173647a569732934d1a4a558839c8088fbf75e53f", size = 2004305 }
wheels = [
    { url = "https://files.pythonhosted.org/packages/7d/82/8de3109d9815dacc32aba998e6ed88289d1430c97d06de118cfd1aa6ce99/uv-0.4.17-py3-none-linux_armv6l.whl", hash = "sha256:0da45ca164ef9701dcc5cac3256f1f3a4e6fabe026860101c3b14208bfbde831", size = 11913399 },
    { url = "https://files.pythonhosted.org/packages/4e/65/4114106f24c2c64fcc63db5e4ec93f032cfdb0359a376d869275fd3759d0/uv-0.4.17-py3-none-macosx_10_12_x86_64.whl", hash = "sha256:df5dabafa07d9beae719bf4df649cb6d825620f0bb3abf985df99fd0394dbbb6", size = 12133160 },
    { url = "https://files.pythonhosted.org/packages/61/9b/3a126a8431320c86a41854ba7c52f3aac82027ced9c4309c32cb9caa8a9d/uv-0.4.17-py3-none-macosx_11_0_arm64.whl", hash = "sha256:e88911392d0eef4019a1db64951eefd1081a6dda72e33ee4b5b77b32f1112a33", size = 11212930 },
    { url = "https://files.pythonhosted.org/packages/6e/dc/b97c735da94563d9d432f820fa5c9f2f5477359da9ed4e6e8aa4684c8d94/uv-0.4.17-py3-none-manylinux_2_17_aarch64.manylinux2014_aarch64.musllinux_1_1_aarch64.whl", hash = "sha256:8844740de53f3997175961c90ff4441e0ea7cb1d11e27b662258f8728f7623b2", size = 11481660 },
    { url = "https://files.pythonhosted.org/packages/d8/3d/54b0180916f23a812e3329c2b2de7008cdf6c9e7c934a7f1765a321154d5/uv-0.4.17-py3-none-manylinux_2_17_armv7l.manylinux2014_armv7l.whl", hash = "sha256:b3cad9f33c38a891c3adc3cedfa8171e5d1d696d03c850ecd454e16551b1308b", size = 11704743 },
    { url = "https://files.pythonhosted.org/packages/06/9b/9b5c96d4ba535ac2cae0c0202a23700bfe0ad3e6e9ca6e985003b9e60c23/uv-0.4.17-py3-none-manylinux_2_17_i686.manylinux2014_i686.whl", hash = "sha256:f727a356e772c3cdc7752d8d9971e614670658f5219eda2449290c5c4a5c91cf", size = 12376328 },
    { url = "https://files.pythonhosted.org/packages/51/54/f1aaa74e93a933f9e52159bf32ae0397181c17052af779693069f0046d35/uv-0.4.17-py3-none-manylinux_2_17_ppc64.manylinux2014_ppc64.whl", hash = "sha256:15cfd020ad4a72f17e669d070a1a8ab50f93ce899486a80029cabf87fac3a8ae", size = 12933204 },
    { url = "https://files.pythonhosted.org/packages/b5/e1/498ef5d9e9626f4b29f10a1baa830906f4e8d6a8e7b5cf3ef4db049edd33/uv-0.4.17-py3-none-manylinux_2_17_ppc64le.manylinux2014_ppc64le.whl", hash = "sha256:897c5d7d50341023f28b96afd0bf2553d67f3f46c12986d5ee02e517cf7d5c5a", size = 12676231 },
    { url = "https://files.pythonhosted.org/packages/0a/2f/38c153bec459c2413549b3a22735ea9baccc68e5c5e673fc803cecfdc6f1/uv-0.4.17-py3-none-manylinux_2_17_s390x.manylinux2014_s390x.whl", hash = "sha256:87e4c3b6415e0ce6880023960d7bb7fc08acafc97a4e03c7ce8b6a49ad0c698e", size = 16391712 },
    { url = "https://files.pythonhosted.org/packages/21/30/c126268c4586166c2695cb343ee851df45d65e2b9dae78b5d1b6c02706e3/uv-0.4.17-py3-none-manylinux_2_17_x86_64.manylinux2014_x86_64.whl", hash = "sha256:39c862a5fae944ea89dca5bf77bf636ac26398f96179bca19e4db26121707cd0", size = 12454567 },
    { url = "https://files.pythonhosted.org/packages/3b/92/01c734e5a742ac9464d42f1977f82a9fbf9e8958d95cb12e9dab788846d2/uv-0.4.17-py3-none-manylinux_2_28_aarch64.whl", hash = "sha256:dfe717c980d3206d4810b5121566a1e07114b9dd470b6f9f6ebed3706c21517d", size = 11608090 },
    { url = "https://files.pythonhosted.org/packages/81/1b/dceab3572d66ad94a04a1dc0e0c4697c76075c1013d8de699735ed4c851c/uv-0.4.17-py3-none-musllinux_1_1_armv7l.whl", hash = "sha256:44360f88b8e67e36fed00976b94d3f1144faa1c5291e8f6f5306c3ded650e9bf", size = 11701498 },
    { url = "https://files.pythonhosted.org/packages/3c/8a/da60f4aa41aad8ddc2b7ea34168963357b286d5dbaf139fd0c70cb2fde04/uv-0.4.17-py3-none-musllinux_1_1_i686.whl", hash = "sha256:489f68441092827fcd590a99f91269d5fb3b5f9cca1da469f7fc3d5ef3bf3e37", size = 12134824 },
    { url = "https://files.pythonhosted.org/packages/aa/99/e8312976cbd444d6ea8d8d8a71ac12436ffa173290f14bc323aaeb501b91/uv-0.4.17-py3-none-musllinux_1_1_ppc64le.whl", hash = "sha256:1a4098128ee54f8b4ca1b083d05f818548cf7182b5b6cbb74fd71235bd105b1d", size = 13789473 },
    { url = "https://files.pythonhosted.org/packages/2d/f4/511141abcc794a5fecaeb7c62138a68331453e21a4b1ad2e52250d5af95d/uv-0.4.17-py3-none-musllinux_1_1_x86_64.whl", hash = "sha256:8acb510475dd8dbce71533384b95a8b2ad204f10081c92d9d012d193bd4df884", size = 12620663 },
    { url = "https://files.pythonhosted.org/packages/18/f5/cb3eed07b1db5fcfbe638132fbde5fdf9031039fe82fdf30ebf00ce7bc19/uv-0.4.17-py3-none-win32.whl", hash = "sha256:7b27e69454d8f65d800bc61a3d05288cacf8e56b9b716b629b2b6977e85ceabe", size = 11956476 },
    { url = "https://files.pythonhosted.org/packages/a5/25/3f80d90fb147923bbae53973a63e6da0744a9d083285933fce5bfbe014fe/uv-0.4.17-py3-none-win_amd64.whl", hash = "sha256:6141f08aad242372dff4b529b9d26c814e151e95d1a8c85d645a7eb11b0cb34a", size = 13440345 },
]

[[package]]
name = "watchfiles"
version = "0.22.0"
source = { registry = "https://pypi.org/simple" }
dependencies = [
    { name = "anyio" },
]
sdist = { url = "https://files.pythonhosted.org/packages/53/e1/666771f0746f95c4df767ff98ff17fe55bb0c32ac88ec14ce0615a789330/watchfiles-0.22.0.tar.gz", hash = "sha256:988e981aaab4f3955209e7e28c7794acdb690be1efa7f16f8ea5aba7ffdadacb", size = 37900 }
wheels = [
    { url = "https://files.pythonhosted.org/packages/ae/2c/efeae4b7b893b7241482a1eec87b6bdac0f49a04255bc1f2769cb75fdf43/watchfiles-0.22.0-cp312-cp312-macosx_10_12_x86_64.whl", hash = "sha256:c7b978c384e29d6c7372209cbf421d82286a807bbcdeb315427687f8371c340a", size = 394129 },
    { url = "https://files.pythonhosted.org/packages/f8/a1/4f7dba44f55f23cdc4e775c44f5717db541481a563f47559df40f2c0ef58/watchfiles-0.22.0-cp312-cp312-macosx_11_0_arm64.whl", hash = "sha256:bd4c06100bce70a20c4b81e599e5886cf504c9532951df65ad1133e508bf20be", size = 390232 },
    { url = "https://files.pythonhosted.org/packages/17/56/1678819b6250742d9bc399ab2969084f7f735ae5a7af2b41ae3f039295ca/watchfiles-0.22.0-cp312-cp312-manylinux_2_17_aarch64.manylinux2014_aarch64.whl", hash = "sha256:425440e55cd735386ec7925f64d5dde392e69979d4c8459f6bb4e920210407f2", size = 1196309 },
    { url = "https://files.pythonhosted.org/packages/3c/7b/f233386f53cc702874a1dff6dcc0af7705a57c57a733646b54c1d8dcb6f8/watchfiles-0.22.0-cp312-cp312-manylinux_2_17_armv7l.manylinux2014_armv7l.whl", hash = "sha256:68fe0c4d22332d7ce53ad094622b27e67440dacefbaedd29e0794d26e247280c", size = 1210784 },
    { url = "https://files.pythonhosted.org/packages/c3/aa/b7d05a2175f20a951bbbdf31751e7eb2ee11aa6b5aedc0c22720c10088ef/watchfiles-0.22.0-cp312-cp312-manylinux_2_17_i686.manylinux2014_i686.whl", hash = "sha256:a8a31bfd98f846c3c284ba694c6365620b637debdd36e46e1859c897123aa232", size = 1231380 },
    { url = "https://files.pythonhosted.org/packages/ae/0e/70bb2b2960978b06ee1ddb697b8543985a3eb0cffbad5b4c0d2e6e5ba176/watchfiles-0.22.0-cp312-cp312-manylinux_2_17_ppc64le.manylinux2014_ppc64le.whl", hash = "sha256:dc2e8fe41f3cac0660197d95216c42910c2b7e9c70d48e6d84e22f577d106fc1", size = 1232548 },
    { url = "https://files.pythonhosted.org/packages/f1/aa/3b20190d52d972d2e2c78339319286909dce12e6f4f7ca34692ae1611391/watchfiles-0.22.0-cp312-cp312-manylinux_2_17_s390x.manylinux2014_s390x.whl", hash = "sha256:55b7cc10261c2786c41d9207193a85c1db1b725cf87936df40972aab466179b6", size = 1358862 },
    { url = "https://files.pythonhosted.org/packages/ae/10/97374c7c13827041c14dcda3cc1531a96b79c281ce6b1885dd62ae3419ad/watchfiles-0.22.0-cp312-cp312-manylinux_2_17_x86_64.manylinux2014_x86_64.whl", hash = "sha256:28585744c931576e535860eaf3f2c0ec7deb68e3b9c5a85ca566d69d36d8dd27", size = 1198390 },
    { url = "https://files.pythonhosted.org/packages/3f/d9/31afcc399cfd98377a453d395a0cf5b01787a90b8ecfa6e5edf8f40f81dd/watchfiles-0.22.0-cp312-cp312-musllinux_1_1_aarch64.whl", hash = "sha256:00095dd368f73f8f1c3a7982a9801190cc88a2f3582dd395b289294f8975172b", size = 1363743 },
    { url = "https://files.pythonhosted.org/packages/c5/a8/a18f007d885d708c7049dc3766f705d8ad2390e0b79c7c28db2b892139ab/watchfiles-0.22.0-cp312-cp312-musllinux_1_1_x86_64.whl", hash = "sha256:52fc9b0dbf54d43301a19b236b4a4614e610605f95e8c3f0f65c3a456ffd7d35", size = 1367007 },
    { url = "https://files.pythonhosted.org/packages/45/3b/de0bc91ad8e221d3ca5158f9e88531ed906d05d1c40f2a1d7222ea8e5a0d/watchfiles-0.22.0-cp312-none-win32.whl", hash = "sha256:581f0a051ba7bafd03e17127735d92f4d286af941dacf94bcf823b101366249e", size = 272472 },
    { url = "https://files.pythonhosted.org/packages/c9/d1/7a2404a9d52a85ee95d5f20b6a34a2708df84549d54fc8112308d502ed35/watchfiles-0.22.0-cp312-none-win_amd64.whl", hash = "sha256:aec83c3ba24c723eac14225194b862af176d52292d271c98820199110e31141e", size = 280951 },
    { url = "https://files.pythonhosted.org/packages/b6/35/0b7b7a0b43d4bdd0ee1829fb5a45bdd121611de9daf4c07367ba1c6a0904/watchfiles-0.22.0-cp312-none-win_arm64.whl", hash = "sha256:c668228833c5619f6618699a2c12be057711b0ea6396aeaece4ded94184304ea", size = 269776 },
]
