version = 1
requires-python = ">=3.12"

[[package]]
name = "anyio"
version = "4.6.2.post1"
source = { registry = "https://pypi.org/simple" }
dependencies = [
    { name = "idna" },
    { name = "sniffio" },
]
sdist = { url = "https://files.pythonhosted.org/packages/9f/09/45b9b7a6d4e45c6bcb5bf61d19e3ab87df68e0601fa8c5293de3542546cc/anyio-4.6.2.post1.tar.gz", hash = "sha256:4c8bc31ccdb51c7f7bd251f51c609e038d63e34219b44aa86e47576389880b4c", size = 173422 }
wheels = [
    { url = "https://files.pythonhosted.org/packages/e4/f5/f2b75d2fc6f1a260f340f0e7c6a060f4dd2961cc16884ed851b0d18da06a/anyio-4.6.2.post1-py3-none-any.whl", hash = "sha256:6d170c36fba3bdd840c73d3868c1e777e33676a69c3a72cf0a0d5d6d8009b61d", size = 90377 },
]

[[package]]
name = "chevron-blue"
version = "0.2.1"
source = { registry = "https://pypi.org/simple" }
sdist = { url = "https://files.pythonhosted.org/packages/9a/44/52293d3b0238318222a9bbf9092c53ad34afd1fc4dad7e30f4ce85cdfddd/chevron_blue-0.2.1.tar.gz", hash = "sha256:fec5d54f2a71883c74a6e8266936aeaf2b2427c91dd32dc77e5cc64cdbf1c7d2", size = 8702 }
wheels = [
    { url = "https://files.pythonhosted.org/packages/d9/f1/b959f5888a68017736384b90b8bb4a5ba78b32b3df7b5e31a2446ec17cba/chevron_blue-0.2.1-py3-none-any.whl", hash = "sha256:ab9accbb5c5f42ba224821904a4f14642cbc6d117706a8b105723bc80e733dea", size = 10306 },
]

[[package]]
name = "colorama"
version = "0.4.6"
source = { registry = "https://pypi.org/simple" }
sdist = { url = "https://files.pythonhosted.org/packages/d8/53/6f443c9a4a8358a93a6792e2acffb9d9d5cb0a5cfd8802644b7b1c9a02e4/colorama-0.4.6.tar.gz", hash = "sha256:08695f5cb7ed6e0531a20572697297273c47b8cae5a63ffc6d6ed5c201be6e44", size = 27697 }
wheels = [
    { url = "https://files.pythonhosted.org/packages/d1/d6/3965ed04c63042e047cb6a3e6ed1a63a35087b6a609aa3a15ed8ac56c221/colorama-0.4.6-py2.py3-none-any.whl", hash = "sha256:4f1d9991f5acc0ca119f9d443620b77f9d6b33703e51011c16baf57afb285fc6", size = 25335 },
]

[[package]]
name = "hatchling"
version = "1.25.0"
source = { registry = "https://pypi.org/simple" }
dependencies = [
    { name = "packaging" },
    { name = "pathspec" },
    { name = "pluggy" },
    { name = "trove-classifiers" },
]
sdist = { url = "https://files.pythonhosted.org/packages/a3/51/8a4a67a8174ce59cf49e816e38e9502900aea9b4af672d0127df8e10d3b0/hatchling-1.25.0.tar.gz", hash = "sha256:7064631a512610b52250a4d3ff1bd81551d6d1431c4eb7b72e734df6c74f4262", size = 64632 }
wheels = [
    { url = "https://files.pythonhosted.org/packages/0c/8b/90e80904fdc24ce33f6fc6f35ebd2232fe731a8528a22008458cf197bc4d/hatchling-1.25.0-py3-none-any.whl", hash = "sha256:b47948e45d4d973034584dd4cb39c14b6a70227cf287ab7ec0ad7983408a882c", size = 84077 },
]

[[package]]
name = "idna"
version = "3.10"
source = { registry = "https://pypi.org/simple" }
sdist = { url = "https://files.pythonhosted.org/packages/f1/70/7703c29685631f5a7590aa73f1f1d3fa9a380e654b86af429e0934a32f7d/idna-3.10.tar.gz", hash = "sha256:12f65c9b470abda6dc35cf8e63cc574b1c52b11df2c86030af0ac09b01b13ea9", size = 190490 }
wheels = [
    { url = "https://files.pythonhosted.org/packages/76/c6/c88e154df9c4e1a2a66ccf0005a88dfb2650c1dffb6f5ce603dfbd452ce3/idna-3.10-py3-none-any.whl", hash = "sha256:946d195a0d259cbba61165e88e65941f16e9b36ea6ddb97f00452bae8b1287d3", size = 70442 },
]

[[package]]
name = "iniconfig"
version = "2.0.0"
source = { registry = "https://pypi.org/simple" }
sdist = { url = "https://files.pythonhosted.org/packages/d7/4b/cbd8e699e64a6f16ca3a8220661b5f83792b3017d0f79807cb8708d33913/iniconfig-2.0.0.tar.gz", hash = "sha256:2d91e135bf72d31a410b17c16da610a82cb55f6b0477d1a902134b24a455b8b3", size = 4646 }
wheels = [
    { url = "https://files.pythonhosted.org/packages/ef/a6/62565a6e1cf69e10f5727360368e451d4b7f58beeac6173dc9db836a5b46/iniconfig-2.0.0-py3-none-any.whl", hash = "sha256:b6a85871a79d2e3b22d2d1b94ac2824226a63c6b741c88f7ae975f18b6778374", size = 5892 },
]

[[package]]
name = "msgspec"
version = "0.18.6"
source = { registry = "https://pypi.org/simple" }
sdist = { url = "https://files.pythonhosted.org/packages/5e/fb/42b1865063fddb14dbcbb6e74e0a366ecf1ba371c4948664dde0b0e10f95/msgspec-0.18.6.tar.gz", hash = "sha256:a59fc3b4fcdb972d09138cb516dbde600c99d07c38fd9372a6ef500d2d031b4e", size = 216757 }
wheels = [
    { url = "https://files.pythonhosted.org/packages/1d/b5/c8fbf1db814eb29eda402952374b594b2559419ba7ec6d0997a9e5687530/msgspec-0.18.6-cp312-cp312-macosx_10_9_x86_64.whl", hash = "sha256:d86f5071fe33e19500920333c11e2267a31942d18fed4d9de5bc2fbab267d28c", size = 202109 },
    { url = "https://files.pythonhosted.org/packages/d7/9a/235d2dbab078a0b8e6f338205dc59be0b027ce000554ee6a9c41b19339e5/msgspec-0.18.6-cp312-cp312-macosx_11_0_arm64.whl", hash = "sha256:ce13981bfa06f5eb126a3a5a38b1976bddb49a36e4f46d8e6edecf33ccf11df1", size = 190281 },
    { url = "https://files.pythonhosted.org/packages/0e/f2/f864ed36a8a62c26b57c3e08d212bd8f3d12a3ca3ef64600be5452aa3c82/msgspec-0.18.6-cp312-cp312-manylinux_2_17_aarch64.manylinux2014_aarch64.whl", hash = "sha256:e97dec6932ad5e3ee1e3c14718638ba333befc45e0661caa57033cd4cc489466", size = 210305 },
    { url = "https://files.pythonhosted.org/packages/73/16/dfef780ced7d690dd5497846ed242ef3e27e319d59d1ddaae816a4f2c15e/msgspec-0.18.6-cp312-cp312-manylinux_2_17_x86_64.manylinux2014_x86_64.whl", hash = "sha256:ad237100393f637b297926cae1868b0d500f764ccd2f0623a380e2bcfb2809ca", size = 212510 },
    { url = "https://files.pythonhosted.org/packages/c1/90/f5b3a788c4b3d92190e3345d1afa3dd107d5f16b8194e1f61b72582ee9bd/msgspec-0.18.6-cp312-cp312-musllinux_1_1_aarch64.whl", hash = "sha256:db1d8626748fa5d29bbd15da58b2d73af25b10aa98abf85aab8028119188ed57", size = 214844 },
    { url = "https://files.pythonhosted.org/packages/ce/0b/d4cc1b09f8dfcc6cc4cc9739c13a86e093fe70257b941ea9feb15df22996/msgspec-0.18.6-cp312-cp312-musllinux_1_1_x86_64.whl", hash = "sha256:d70cb3d00d9f4de14d0b31d38dfe60c88ae16f3182988246a9861259c6722af6", size = 217113 },
    { url = "https://files.pythonhosted.org/packages/3f/76/30d8f152299f65c85c46a2cbeaf95ad1d18516b5ce730acdaef696d4cfe6/msgspec-0.18.6-cp312-cp312-win_amd64.whl", hash = "sha256:1003c20bfe9c6114cc16ea5db9c5466e49fae3d7f5e2e59cb70693190ad34da0", size = 187184 },
]

[[package]]
name = "packaging"
version = "24.2"
source = { registry = "https://pypi.org/simple" }
sdist = { url = "https://files.pythonhosted.org/packages/d0/63/68dbb6eb2de9cb10ee4c9c14a0148804425e13c4fb20d61cce69f53106da/packaging-24.2.tar.gz", hash = "sha256:c228a6dc5e932d346bc5739379109d49e8853dd8223571c7c5b55260edc0b97f", size = 163950 }
wheels = [
    { url = "https://files.pythonhosted.org/packages/88/ef/eb23f262cca3c0c4eb7ab1933c3b1f03d021f2c48f54763065b6f0e321be/packaging-24.2-py3-none-any.whl", hash = "sha256:09abb1bccd265c01f4a3aa3f7a7db064b36514d2cba19a2f694fe6150451a759", size = 65451 },
]

[[package]]
name = "packse"
version = "0.0.0"
source = { editable = "." }
dependencies = [
    { name = "chevron-blue" },
    { name = "hatchling" },
    { name = "msgspec" },
    { name = "pyyaml" },
    { name = "setuptools" },
    { name = "uv" },
]

[package.optional-dependencies]
index = [
    { name = "pypiserver" },
]
serve = [
    { name = "pypiserver" },
    { name = "watchfiles" },
]

[package.dev-dependencies]
dev = [
    { name = "psutil" },
    { name = "pytest" },
    { name = "syrupy" },
]

[package.metadata]
requires-dist = [
    { name = "chevron-blue", specifier = ">=0.2.1" },
    { name = "hatchling", specifier = ">=1.20.0" },
    { name = "msgspec", specifier = ">=0.18.4" },
    { name = "packse", extras = ["index"], marker = "extra == 'serve'" },
    { name = "pypiserver", marker = "extra == 'index'", specifier = ">=2.0.1" },
    { name = "pyyaml", specifier = ">=6.0.1" },
    { name = "setuptools", specifier = ">=69.1.1" },
    { name = "uv", specifier = ">=0.4.17" },
    { name = "watchfiles", marker = "extra == 'serve'", specifier = ">=0.21.0" },
]

[package.metadata.requires-dev]
dev = [
    { name = "psutil", specifier = ">=5.9.7" },
    { name = "pytest", specifier = ">=7.4.3" },
    { name = "syrupy", specifier = ">=4.6.0" },
]

[[package]]
name = "pathspec"
version = "0.12.1"
source = { registry = "https://pypi.org/simple" }
sdist = { url = "https://files.pythonhosted.org/packages/ca/bc/f35b8446f4531a7cb215605d100cd88b7ac6f44ab3fc94870c120ab3adbf/pathspec-0.12.1.tar.gz", hash = "sha256:a482d51503a1ab33b1c67a6c3813a26953dbdc71c31dacaef9a838c4e29f5712", size = 51043 }
wheels = [
    { url = "https://files.pythonhosted.org/packages/cc/20/ff623b09d963f88bfde16306a54e12ee5ea43e9b597108672ff3a408aad6/pathspec-0.12.1-py3-none-any.whl", hash = "sha256:a0d503e138a4c123b27490a4f7beda6a01c6f288df0e4a8b79c7eb0dc7b4cc08", size = 31191 },
]

[[package]]
name = "pip"
version = "24.3.1"
source = { registry = "https://pypi.org/simple" }
sdist = { url = "https://files.pythonhosted.org/packages/f4/b1/b422acd212ad7eedddaf7981eee6e5de085154ff726459cf2da7c5a184c1/pip-24.3.1.tar.gz", hash = "sha256:ebcb60557f2aefabc2e0f918751cd24ea0d56d8ec5445fe1807f1d2109660b99", size = 1931073 }
wheels = [
    { url = "https://files.pythonhosted.org/packages/ef/7d/500c9ad20238fcfcb4cb9243eede163594d7020ce87bd9610c9e02771876/pip-24.3.1-py3-none-any.whl", hash = "sha256:3790624780082365f47549d032f3770eeb2b1e8bd1f7b2e02dace1afa361b4ed", size = 1822182 },
]

[[package]]
name = "pluggy"
version = "1.5.0"
source = { registry = "https://pypi.org/simple" }
sdist = { url = "https://files.pythonhosted.org/packages/96/2d/02d4312c973c6050a18b314a5ad0b3210edb65a906f868e31c111dede4a6/pluggy-1.5.0.tar.gz", hash = "sha256:2cffa88e94fdc978c4c574f15f9e59b7f4201d439195c3715ca9e2486f1d0cf1", size = 67955 }
wheels = [
    { url = "https://files.pythonhosted.org/packages/88/5f/e351af9a41f866ac3f1fac4ca0613908d9a41741cfcf2228f4ad853b697d/pluggy-1.5.0-py3-none-any.whl", hash = "sha256:44e1ad92c8ca002de6377e165f3e0f1be63266ab4d554740532335b9d75ea669", size = 20556 },
]

[[package]]
name = "psutil"
version = "6.1.0"
source = { registry = "https://pypi.org/simple" }
sdist = { url = "https://files.pythonhosted.org/packages/26/10/2a30b13c61e7cf937f4adf90710776b7918ed0a9c434e2c38224732af310/psutil-6.1.0.tar.gz", hash = "sha256:353815f59a7f64cdaca1c0307ee13558a0512f6db064e92fe833784f08539c7a", size = 508565 }
wheels = [
    { url = "https://files.pythonhosted.org/packages/01/9e/8be43078a171381953cfee33c07c0d628594b5dbfc5157847b85022c2c1b/psutil-6.1.0-cp36-abi3-macosx_10_9_x86_64.whl", hash = "sha256:6e2dcd475ce8b80522e51d923d10c7871e45f20918e027ab682f94f1c6351688", size = 247762 },
    { url = "https://files.pythonhosted.org/packages/1d/cb/313e80644ea407f04f6602a9e23096540d9dc1878755f3952ea8d3d104be/psutil-6.1.0-cp36-abi3-macosx_11_0_arm64.whl", hash = "sha256:0895b8414afafc526712c498bd9de2b063deaac4021a3b3c34566283464aff8e", size = 248777 },
    { url = "https://files.pythonhosted.org/packages/65/8e/bcbe2025c587b5d703369b6a75b65d41d1367553da6e3f788aff91eaf5bd/psutil-6.1.0-cp36-abi3-manylinux_2_12_i686.manylinux2010_i686.manylinux_2_17_i686.manylinux2014_i686.whl", hash = "sha256:9dcbfce5d89f1d1f2546a2090f4fcf87c7f669d1d90aacb7d7582addece9fb38", size = 284259 },
    { url = "https://files.pythonhosted.org/packages/58/4d/8245e6f76a93c98aab285a43ea71ff1b171bcd90c9d238bf81f7021fb233/psutil-6.1.0-cp36-abi3-manylinux_2_12_x86_64.manylinux2010_x86_64.manylinux_2_17_x86_64.manylinux2014_x86_64.whl", hash = "sha256:498c6979f9c6637ebc3a73b3f87f9eb1ec24e1ce53a7c5173b8508981614a90b", size = 287255 },
    { url = "https://files.pythonhosted.org/packages/27/c2/d034856ac47e3b3cdfa9720d0e113902e615f4190d5d1bdb8df4b2015fb2/psutil-6.1.0-cp36-abi3-manylinux_2_17_aarch64.manylinux2014_aarch64.whl", hash = "sha256:d905186d647b16755a800e7263d43df08b790d709d575105d419f8b6ef65423a", size = 288804 },
    { url = "https://files.pythonhosted.org/packages/ea/55/5389ed243c878725feffc0d6a3bc5ef6764312b6fc7c081faaa2cfa7ef37/psutil-6.1.0-cp37-abi3-win32.whl", hash = "sha256:1ad45a1f5d0b608253b11508f80940985d1d0c8f6111b5cb637533a0e6ddc13e", size = 250386 },
    { url = "https://files.pythonhosted.org/packages/11/91/87fa6f060e649b1e1a7b19a4f5869709fbf750b7c8c262ee776ec32f3028/psutil-6.1.0-cp37-abi3-win_amd64.whl", hash = "sha256:a8fb3752b491d246034fa4d279ff076501588ce8cbcdbb62c32fd7a377d996be", size = 254228 },
]

[[package]]
name = "pypiserver"
version = "2.2.0"
source = { registry = "https://pypi.org/simple" }
dependencies = [
    { name = "packaging" },
    { name = "pip" },
]
sdist = { url = "https://files.pythonhosted.org/packages/fa/7d/4864a9dfd91ee5428ccd7d162f550f42aea8d92b409820b8f443405658b3/pypiserver-2.2.0.tar.gz", hash = "sha256:e7e66b3606aecb9280fba7458631454276a339101eec8fceb81459fa797bee21", size = 190056 }
wheels = [
    { url = "https://files.pythonhosted.org/packages/dc/aa/473f1ba7864825d90a893c7293c4fe8a04c78d85f3a91c7b45f613a98e21/pypiserver-2.2.0-py2.py3-none-any.whl", hash = "sha256:5352f098bb113783a4173a42b340eb5c69b86686e0852793802db25e5b4d30f2", size = 93473 },
]

[[package]]
name = "pytest"
version = "8.3.3"
source = { registry = "https://pypi.org/simple" }
dependencies = [
    { name = "colorama", marker = "sys_platform == 'win32'" },
    { name = "iniconfig" },
    { name = "packaging" },
    { name = "pluggy" },
]
sdist = { url = "https://files.pythonhosted.org/packages/8b/6c/62bbd536103af674e227c41a8f3dcd022d591f6eed5facb5a0f31ee33bbc/pytest-8.3.3.tar.gz", hash = "sha256:70b98107bd648308a7952b06e6ca9a50bc660be218d53c257cc1fc94fda10181", size = 1442487 }
wheels = [
    { url = "https://files.pythonhosted.org/packages/6b/77/7440a06a8ead44c7757a64362dd22df5760f9b12dc5f11b6188cd2fc27a0/pytest-8.3.3-py3-none-any.whl", hash = "sha256:a6853c7375b2663155079443d2e45de913a911a11d669df02a50814944db57b2", size = 342341 },
]

[[package]]
name = "pyyaml"
version = "6.0.2"
source = { registry = "https://pypi.org/simple" }
sdist = { url = "https://files.pythonhosted.org/packages/54/ed/79a089b6be93607fa5cdaedf301d7dfb23af5f25c398d5ead2525b063e17/pyyaml-6.0.2.tar.gz", hash = "sha256:d584d9ec91ad65861cc08d42e834324ef890a082e591037abe114850ff7bbc3e", size = 130631 }
wheels = [
    { url = "https://files.pythonhosted.org/packages/86/0c/c581167fc46d6d6d7ddcfb8c843a4de25bdd27e4466938109ca68492292c/PyYAML-6.0.2-cp312-cp312-macosx_10_9_x86_64.whl", hash = "sha256:c70c95198c015b85feafc136515252a261a84561b7b1d51e3384e0655ddf25ab", size = 183873 },
    { url = "https://files.pythonhosted.org/packages/a8/0c/38374f5bb272c051e2a69281d71cba6fdb983413e6758b84482905e29a5d/PyYAML-6.0.2-cp312-cp312-macosx_11_0_arm64.whl", hash = "sha256:ce826d6ef20b1bc864f0a68340c8b3287705cae2f8b4b1d932177dcc76721725", size = 173302 },
    { url = "https://files.pythonhosted.org/packages/c3/93/9916574aa8c00aa06bbac729972eb1071d002b8e158bd0e83a3b9a20a1f7/PyYAML-6.0.2-cp312-cp312-manylinux_2_17_aarch64.manylinux2014_aarch64.whl", hash = "sha256:1f71ea527786de97d1a0cc0eacd1defc0985dcf6b3f17bb77dcfc8c34bec4dc5", size = 739154 },
    { url = "https://files.pythonhosted.org/packages/95/0f/b8938f1cbd09739c6da569d172531567dbcc9789e0029aa070856f123984/PyYAML-6.0.2-cp312-cp312-manylinux_2_17_s390x.manylinux2014_s390x.whl", hash = "sha256:9b22676e8097e9e22e36d6b7bda33190d0d400f345f23d4065d48f4ca7ae0425", size = 766223 },
    { url = "https://files.pythonhosted.org/packages/b9/2b/614b4752f2e127db5cc206abc23a8c19678e92b23c3db30fc86ab731d3bd/PyYAML-6.0.2-cp312-cp312-manylinux_2_17_x86_64.manylinux2014_x86_64.whl", hash = "sha256:80bab7bfc629882493af4aa31a4cfa43a4c57c83813253626916b8c7ada83476", size = 767542 },
    { url = "https://files.pythonhosted.org/packages/d4/00/dd137d5bcc7efea1836d6264f049359861cf548469d18da90cd8216cf05f/PyYAML-6.0.2-cp312-cp312-musllinux_1_1_aarch64.whl", hash = "sha256:0833f8694549e586547b576dcfaba4a6b55b9e96098b36cdc7ebefe667dfed48", size = 731164 },
    { url = "https://files.pythonhosted.org/packages/c9/1f/4f998c900485e5c0ef43838363ba4a9723ac0ad73a9dc42068b12aaba4e4/PyYAML-6.0.2-cp312-cp312-musllinux_1_1_x86_64.whl", hash = "sha256:8b9c7197f7cb2738065c481a0461e50ad02f18c78cd75775628afb4d7137fb3b", size = 756611 },
    { url = "https://files.pythonhosted.org/packages/df/d1/f5a275fdb252768b7a11ec63585bc38d0e87c9e05668a139fea92b80634c/PyYAML-6.0.2-cp312-cp312-win32.whl", hash = "sha256:ef6107725bd54b262d6dedcc2af448a266975032bc85ef0172c5f059da6325b4", size = 140591 },
    { url = "https://files.pythonhosted.org/packages/0c/e8/4f648c598b17c3d06e8753d7d13d57542b30d56e6c2dedf9c331ae56312e/PyYAML-6.0.2-cp312-cp312-win_amd64.whl", hash = "sha256:7e7401d0de89a9a855c839bc697c079a4af81cf878373abd7dc625847d25cbd8", size = 156338 },
    { url = "https://files.pythonhosted.org/packages/ef/e3/3af305b830494fa85d95f6d95ef7fa73f2ee1cc8ef5b495c7c3269fb835f/PyYAML-6.0.2-cp313-cp313-macosx_10_13_x86_64.whl", hash = "sha256:efdca5630322a10774e8e98e1af481aad470dd62c3170801852d752aa7a783ba", size = 181309 },
    { url = "https://files.pythonhosted.org/packages/45/9f/3b1c20a0b7a3200524eb0076cc027a970d320bd3a6592873c85c92a08731/PyYAML-6.0.2-cp313-cp313-macosx_11_0_arm64.whl", hash = "sha256:50187695423ffe49e2deacb8cd10510bc361faac997de9efef88badc3bb9e2d1", size = 171679 },
    { url = "https://files.pythonhosted.org/packages/7c/9a/337322f27005c33bcb656c655fa78325b730324c78620e8328ae28b64d0c/PyYAML-6.0.2-cp313-cp313-manylinux_2_17_aarch64.manylinux2014_aarch64.whl", hash = "sha256:0ffe8360bab4910ef1b9e87fb812d8bc0a308b0d0eef8c8f44e0254ab3b07133", size = 733428 },
    { url = "https://files.pythonhosted.org/packages/a3/69/864fbe19e6c18ea3cc196cbe5d392175b4cf3d5d0ac1403ec3f2d237ebb5/PyYAML-6.0.2-cp313-cp313-manylinux_2_17_s390x.manylinux2014_s390x.whl", hash = "sha256:17e311b6c678207928d649faa7cb0d7b4c26a0ba73d41e99c4fff6b6c3276484", size = 763361 },
    { url = "https://files.pythonhosted.org/packages/04/24/b7721e4845c2f162d26f50521b825fb061bc0a5afcf9a386840f23ea19fa/PyYAML-6.0.2-cp313-cp313-manylinux_2_17_x86_64.manylinux2014_x86_64.whl", hash = "sha256:70b189594dbe54f75ab3a1acec5f1e3faa7e8cf2f1e08d9b561cb41b845f69d5", size = 759523 },
    { url = "https://files.pythonhosted.org/packages/2b/b2/e3234f59ba06559c6ff63c4e10baea10e5e7df868092bf9ab40e5b9c56b6/PyYAML-6.0.2-cp313-cp313-musllinux_1_1_aarch64.whl", hash = "sha256:41e4e3953a79407c794916fa277a82531dd93aad34e29c2a514c2c0c5fe971cc", size = 726660 },
    { url = "https://files.pythonhosted.org/packages/fe/0f/25911a9f080464c59fab9027482f822b86bf0608957a5fcc6eaac85aa515/PyYAML-6.0.2-cp313-cp313-musllinux_1_1_x86_64.whl", hash = "sha256:68ccc6023a3400877818152ad9a1033e3db8625d899c72eacb5a668902e4d652", size = 751597 },
    { url = "https://files.pythonhosted.org/packages/14/0d/e2c3b43bbce3cf6bd97c840b46088a3031085179e596d4929729d8d68270/PyYAML-6.0.2-cp313-cp313-win32.whl", hash = "sha256:bc2fa7c6b47d6bc618dd7fb02ef6fdedb1090ec036abab80d4681424b84c1183", size = 140527 },
    { url = "https://files.pythonhosted.org/packages/fa/de/02b54f42487e3d3c6efb3f89428677074ca7bf43aae402517bc7cca949f3/PyYAML-6.0.2-cp313-cp313-win_amd64.whl", hash = "sha256:8388ee1976c416731879ac16da0aff3f63b286ffdd57cdeb95f3f2e085687563", size = 156446 },
]

[[package]]
name = "setuptools"
version = "75.3.0"
source = { registry = "https://pypi.org/simple" }
sdist = { url = "https://files.pythonhosted.org/packages/ed/22/a438e0caa4576f8c383fa4d35f1cc01655a46c75be358960d815bfbb12bd/setuptools-75.3.0.tar.gz", hash = "sha256:fba5dd4d766e97be1b1681d98712680ae8f2f26d7881245f2ce9e40714f1a686", size = 1351577 }
wheels = [
    { url = "https://files.pythonhosted.org/packages/90/12/282ee9bce8b58130cb762fbc9beabd531549952cac11fc56add11dcb7ea0/setuptools-75.3.0-py3-none-any.whl", hash = "sha256:f2504966861356aa38616760c0f66568e535562374995367b4e69c7143cf6bcd", size = 1251070 },
]

[[package]]
name = "sniffio"
version = "1.3.1"
source = { registry = "https://pypi.org/simple" }
sdist = { url = "https://files.pythonhosted.org/packages/a2/87/a6771e1546d97e7e041b6ae58d80074f81b7d5121207425c964ddf5cfdbd/sniffio-1.3.1.tar.gz", hash = "sha256:f4324edc670a0f49750a81b895f35c3adb843cca46f0530f79fc1babb23789dc", size = 20372 }
wheels = [
    { url = "https://files.pythonhosted.org/packages/e9/44/75a9c9421471a6c4805dbf2356f7c181a29c1879239abab1ea2cc8f38b40/sniffio-1.3.1-py3-none-any.whl", hash = "sha256:2f6da418d1f1e0fddd844478f41680e794e6051915791a034ff65e5f100525a2", size = 10235 },
]

[[package]]
name = "syrupy"
version = "4.7.2"
source = { registry = "https://pypi.org/simple" }
dependencies = [
    { name = "pytest" },
]
sdist = { url = "https://files.pythonhosted.org/packages/67/81/f46d234fa4ca0edcdeed973bab9acd8f8ac186537cdc850e9e84a00f61a0/syrupy-4.7.2.tar.gz", hash = "sha256:ea45e099f242de1bb53018c238f408a5bb6c82007bc687aefcbeaa0e1c2e935a", size = 49320 }
wheels = [
    { url = "https://files.pythonhosted.org/packages/b9/75/57b629fdd256efc58fb045618d603ce0b0f5fcc477f34b758e34423efb99/syrupy-4.7.2-py3-none-any.whl", hash = "sha256:eae7ba6be5aed190237caa93be288e97ca1eec5ca58760e4818972a10c4acc64", size = 49234 },
]

[[package]]
name = "trove-classifiers"
version = "2024.10.21.16"
source = { registry = "https://pypi.org/simple" }
sdist = { url = "https://files.pythonhosted.org/packages/99/85/92c2667cf221b37648041ce9319427f92fa76cbec634aad844e67e284706/trove_classifiers-2024.10.21.16.tar.gz", hash = "sha256:17cbd055d67d5e9d9de63293a8732943fabc21574e4c7b74edf112b4928cf5f3", size = 16153 }
wheels = [
    { url = "https://files.pythonhosted.org/packages/35/35/5055ab8d215af853d07bbff1a74edf48f91ed308f037380a5ca52dd73348/trove_classifiers-2024.10.21.16-py3-none-any.whl", hash = "sha256:0fb11f1e995a757807a8ef1c03829fbd4998d817319abcef1f33165750f103be", size = 13546 },
]

[[package]]
name = "uv"
version = "0.5.1"
source = { registry = "https://pypi.org/simple" }
sdist = { url = "https://files.pythonhosted.org/packages/d2/ec/c05991014f8208c1f3556d7dfc96ef5a6b7da6062e489718f3a0f9a74fb8/uv-0.5.1.tar.gz", hash = "sha256:ad2dd8a994a8334a5d4b354589be4b8c4b3b2ebb7bb2f2976c8e21d2799f45a9", size = 2131866 }
wheels = [
    { url = "https://files.pythonhosted.org/packages/ba/33/9183528527cb8532369b678e1d12fb97e3777fed875f1d7ea6c75c570f64/uv-0.5.1-py3-none-linux_armv6l.whl", hash = "sha256:93f0a02ea9149f4e7e359ef92da6f221da2ecf458cda2af729a1f6fa8c3ed1d2", size = 13504611 },
    { url = "https://files.pythonhosted.org/packages/6b/23/f0f8234624f720b5a856800d85a2220405182cfd798eefbda8b7868f9c4d/uv-0.5.1-py3-none-macosx_10_12_x86_64.whl", hash = "sha256:f66859e67d10ffff8b17c67c7ede207d67487cef20c3d17bc427b690f9dff795", size = 13482839 },
    { url = "https://files.pythonhosted.org/packages/a7/ef/375bb00fa3e73cbb29ffd1d2a0cea3a52b4c0e67f68bce646a9ed0539f18/uv-0.5.1-py3-none-macosx_11_0_arm64.whl", hash = "sha256:c4d209164448c8529e21aca4ef1e3da94303b1bf726924786feffd87ed93ab4a", size = 12503012 },
    { url = "https://files.pythonhosted.org/packages/88/f1/244f0f5e0afdc86de3c12c62c51f594a8b900d8ae1bf7cc64d9d92147199/uv-0.5.1-py3-none-manylinux_2_17_aarch64.manylinux2014_aarch64.musllinux_1_1_aarch64.whl", hash = "sha256:6ec61220d883751777cbabf0b076607cfbdeb812bc52c28722e897271461e589", size = 12787137 },
    { url = "https://files.pythonhosted.org/packages/86/fc/74a2fbfb9fc5c1772c0f85718da3e79a05aa3bdd5db1d83851f33e119e01/uv-0.5.1-py3-none-manylinux_2_17_armv7l.manylinux2014_armv7l.whl", hash = "sha256:73853b98bce9e118cda2d64360ddd7e0f79e237aca8cd2f28b6d5679400b239e", size = 13300628 },
    { url = "https://files.pythonhosted.org/packages/0f/81/0c08c94a9c9f27adc11fd9c3f55d6244c3066cbdea1a9c636fcc1bf45d53/uv-0.5.1-py3-none-manylinux_2_17_i686.manylinux2014_i686.whl", hash = "sha256:8dce5b6d6dea41db71fe8d9895167cc5abf3e7b28c016174b1b9a9aecb74d483", size = 13874679 },
    { url = "https://files.pythonhosted.org/packages/eb/8c/2b3c642d71f18eff826a74329b23a269f2962b52d251854b645c98121e15/uv-0.5.1-py3-none-manylinux_2_17_ppc64.manylinux2014_ppc64.whl", hash = "sha256:aaa63053ff6dc4456e2ac2a9b6a8eda0cfaa1e0f861633d9e7315c7df9a0a525", size = 14437581 },
    { url = "https://files.pythonhosted.org/packages/9e/65/bae32b05056ba6b5441a491ce17c8216ec92cfade62a7b44702758689646/uv-0.5.1-py3-none-manylinux_2_17_ppc64le.manylinux2014_ppc64le.whl", hash = "sha256:ac3fce68002e79f3c070f3e7d914e992f205f05af00bfffbe6c44d37aa39c86a", size = 14164878 },
    { url = "https://files.pythonhosted.org/packages/51/1a/38edd7edf8fc73d1db87130f4ac62f2381166fabcc36288b63d82e43373c/uv-0.5.1-py3-none-manylinux_2_17_s390x.manylinux2014_s390x.whl", hash = "sha256:72b54a3308e13a81aa2df19baea40611fc344c7556f75d2113f9b9b5a894355e", size = 18438644 },
    { url = "https://files.pythonhosted.org/packages/be/24/b2f69c0adb60d4c5d3c5413454ab869ed275db52da4be02eaa9d1a149191/uv-0.5.1-py3-none-manylinux_2_17_x86_64.manylinux2014_x86_64.whl", hash = "sha256:4d1ec4a1bc19b523a84fc1bf2a92e9c4d982c831d3da450af71fc3057999d456", size = 13988358 },
    { url = "https://files.pythonhosted.org/packages/43/80/1d887496fa3f2853dd670e43da90ee6efa8e020c82e3a1e2b41c19006d9d/uv-0.5.1-py3-none-manylinux_2_28_aarch64.whl", hash = "sha256:01c40f756e9536c05fdf3485c1dfe3da610c3169195bbe20fab03a4c4b7a0d98", size = 12970766 },
    { url = "https://files.pythonhosted.org/packages/11/0c/5ba7bf4b5ca478cf8c9d660d7baa977af1cd3dda2981f20d0c8e436a48f2/uv-0.5.1-py3-none-musllinux_1_1_armv7l.whl", hash = "sha256:3db7513c804fb89dcde671ba917cc486cfb574408d6257e19b19ae6b55f5982f", size = 13274891 },
    { url = "https://files.pythonhosted.org/packages/28/08/1ad7ef9ffd0f3c534cbcad47b57afdb785143ec46973faecc5c90de33025/uv-0.5.1-py3-none-musllinux_1_1_i686.whl", hash = "sha256:4601d40b0c02aff9fb791efa5b6f4c7dbad0970e13ac679aa8fb07365f331354", size = 13609667 },
    { url = "https://files.pythonhosted.org/packages/fc/e5/56d1457ac76bedce375c1adbfebeb281d94a24d35463350c7fc40f9413b8/uv-0.5.1-py3-none-musllinux_1_1_ppc64le.whl", hash = "sha256:821b6a9d591d3e951fbe81c53d32499d11500100d66b1c119e183f3d4a6cd07c", size = 15349628 },
    { url = "https://files.pythonhosted.org/packages/c5/0a/956467ee8bfa59f698f384eef6e072b14b971d36b7ee6d9b8ed15cfed065/uv-0.5.1-py3-none-musllinux_1_1_x86_64.whl", hash = "sha256:6a76765c3cc49268f3c6773bd89a0dacf8a91b040fc3faea6c527ef6f2308eba", size = 14110649 },
    { url = "https://files.pythonhosted.org/packages/5e/94/d7546d96c0e447f56817be2210c4a9d75817d1072e526aaaf17f0dd59a3e/uv-0.5.1-py3-none-win32.whl", hash = "sha256:3ffb230be0f6552576da67a2737a32a6a640e4b3f42144088222a669802d7f10", size = 13423908 },
    { url = "https://files.pythonhosted.org/packages/8c/b2/ac107886f60081f6cd2295c9faf3c312a02c5aca87e8c0b7589340a58224/uv-0.5.1-py3-none-win_amd64.whl", hash = "sha256:922685dcaa1c9b6663649b379f9bdbe5b87af230f512e69398efc51bd9d8b8eb", size = 15169543 },
]

[[package]]
name = "watchfiles"
version = "0.24.0"
source = { registry = "https://pypi.org/simple" }
dependencies = [
    { name = "anyio" },
]
sdist = { url = "https://files.pythonhosted.org/packages/c8/27/2ba23c8cc85796e2d41976439b08d52f691655fdb9401362099502d1f0cf/watchfiles-0.24.0.tar.gz", hash = "sha256:afb72325b74fa7a428c009c1b8be4b4d7c2afedafb2982827ef2156646df2fe1", size = 37870 }
wheels = [
    { url = "https://files.pythonhosted.org/packages/35/82/92a7bb6dc82d183e304a5f84ae5437b59ee72d48cee805a9adda2488b237/watchfiles-0.24.0-cp312-cp312-macosx_10_12_x86_64.whl", hash = "sha256:7211b463695d1e995ca3feb38b69227e46dbd03947172585ecb0588f19b0d87a", size = 374137 },
    { url = "https://files.pythonhosted.org/packages/87/91/49e9a497ddaf4da5e3802d51ed67ff33024597c28f652b8ab1e7c0f5718b/watchfiles-0.24.0-cp312-cp312-macosx_11_0_arm64.whl", hash = "sha256:4b8693502d1967b00f2fb82fc1e744df128ba22f530e15b763c8d82baee15370", size = 367733 },
    { url = "https://files.pythonhosted.org/packages/0d/d8/90eb950ab4998effea2df4cf3a705dc594f6bc501c5a353073aa990be965/watchfiles-0.24.0-cp312-cp312-manylinux_2_17_aarch64.manylinux2014_aarch64.whl", hash = "sha256:cdab9555053399318b953a1fe1f586e945bc8d635ce9d05e617fd9fe3a4687d6", size = 437322 },
    { url = "https://files.pythonhosted.org/packages/6c/a2/300b22e7bc2a222dd91fce121cefa7b49aa0d26a627b2777e7bdfcf1110b/watchfiles-0.24.0-cp312-cp312-manylinux_2_17_armv7l.manylinux2014_armv7l.whl", hash = "sha256:34e19e56d68b0dad5cff62273107cf5d9fbaf9d75c46277aa5d803b3ef8a9e9b", size = 433409 },
    { url = "https://files.pythonhosted.org/packages/99/44/27d7708a43538ed6c26708bcccdde757da8b7efb93f4871d4cc39cffa1cc/watchfiles-0.24.0-cp312-cp312-manylinux_2_17_i686.manylinux2014_i686.whl", hash = "sha256:41face41f036fee09eba33a5b53a73e9a43d5cb2c53dad8e61fa6c9f91b5a51e", size = 452142 },
    { url = "https://files.pythonhosted.org/packages/b0/ec/c4e04f755be003129a2c5f3520d2c47026f00da5ecb9ef1e4f9449637571/watchfiles-0.24.0-cp312-cp312-manylinux_2_17_ppc64le.manylinux2014_ppc64le.whl", hash = "sha256:5148c2f1ea043db13ce9b0c28456e18ecc8f14f41325aa624314095b6aa2e9ea", size = 469414 },
    { url = "https://files.pythonhosted.org/packages/c5/4e/cdd7de3e7ac6432b0abf282ec4c1a1a2ec62dfe423cf269b86861667752d/watchfiles-0.24.0-cp312-cp312-manylinux_2_17_s390x.manylinux2014_s390x.whl", hash = "sha256:7e4bd963a935aaf40b625c2499f3f4f6bbd0c3776f6d3bc7c853d04824ff1c9f", size = 472962 },
    { url = "https://files.pythonhosted.org/packages/27/69/e1da9d34da7fc59db358424f5d89a56aaafe09f6961b64e36457a80a7194/watchfiles-0.24.0-cp312-cp312-manylinux_2_17_x86_64.manylinux2014_x86_64.whl", hash = "sha256:c79d7719d027b7a42817c5d96461a99b6a49979c143839fc37aa5748c322f234", size = 425705 },
    { url = "https://files.pythonhosted.org/packages/e8/c1/24d0f7357be89be4a43e0a656259676ea3d7a074901f47022f32e2957798/watchfiles-0.24.0-cp312-cp312-musllinux_1_1_aarch64.whl", hash = "sha256:32aa53a9a63b7f01ed32e316e354e81e9da0e6267435c7243bf8ae0f10b428ef", size = 612851 },
    { url = "https://files.pythonhosted.org/packages/c7/af/175ba9b268dec56f821639c9893b506c69fd999fe6a2e2c51de420eb2f01/watchfiles-0.24.0-cp312-cp312-musllinux_1_1_x86_64.whl", hash = "sha256:ce72dba6a20e39a0c628258b5c308779b8697f7676c254a845715e2a1039b968", size = 594868 },
    { url = "https://files.pythonhosted.org/packages/44/81/1f701323a9f70805bc81c74c990137123344a80ea23ab9504a99492907f8/watchfiles-0.24.0-cp312-none-win32.whl", hash = "sha256:d9018153cf57fc302a2a34cb7564870b859ed9a732d16b41a9b5cb2ebed2d444", size = 264109 },
    { url = "https://files.pythonhosted.org/packages/b4/0b/32cde5bc2ebd9f351be326837c61bdeb05ad652b793f25c91cac0b48a60b/watchfiles-0.24.0-cp312-none-win_amd64.whl", hash = "sha256:551ec3ee2a3ac9cbcf48a4ec76e42c2ef938a7e905a35b42a1267fa4b1645896", size = 277055 },
    { url = "https://files.pythonhosted.org/packages/4b/81/daade76ce33d21dbec7a15afd7479de8db786e5f7b7d249263b4ea174e08/watchfiles-0.24.0-cp312-none-win_arm64.whl", hash = "sha256:b52a65e4ea43c6d149c5f8ddb0bef8d4a1e779b77591a458a893eb416624a418", size = 266169 },
    { url = "https://files.pythonhosted.org/packages/30/dc/6e9f5447ae14f645532468a84323a942996d74d5e817837a5c8ce9d16c69/watchfiles-0.24.0-cp313-cp313-macosx_10_12_x86_64.whl", hash = "sha256:3d2e3ab79a1771c530233cadfd277fcc762656d50836c77abb2e5e72b88e3a48", size = 373764 },
    { url = "https://files.pythonhosted.org/packages/79/c0/c3a9929c372816c7fc87d8149bd722608ea58dc0986d3ef7564c79ad7112/watchfiles-0.24.0-cp313-cp313-macosx_11_0_arm64.whl", hash = "sha256:327763da824817b38ad125dcd97595f942d720d32d879f6c4ddf843e3da3fe90", size = 367873 },
    { url = "https://files.pythonhosted.org/packages/2e/11/ff9a4445a7cfc1c98caf99042df38964af12eed47d496dd5d0d90417349f/watchfiles-0.24.0-cp313-cp313-manylinux_2_17_aarch64.manylinux2014_aarch64.whl", hash = "sha256:bd82010f8ab451dabe36054a1622870166a67cf3fce894f68895db6f74bbdc94", size = 438381 },
    { url = "https://files.pythonhosted.org/packages/48/a3/763ba18c98211d7bb6c0f417b2d7946d346cdc359d585cc28a17b48e964b/watchfiles-0.24.0-cp313-cp313-manylinux_2_17_armv7l.manylinux2014_armv7l.whl", hash = "sha256:d64ba08db72e5dfd5c33be1e1e687d5e4fcce09219e8aee893a4862034081d4e", size = 432809 },
    { url = "https://files.pythonhosted.org/packages/30/4c/616c111b9d40eea2547489abaf4ffc84511e86888a166d3a4522c2ba44b5/watchfiles-0.24.0-cp313-cp313-manylinux_2_17_i686.manylinux2014_i686.whl", hash = "sha256:1cf1f6dd7825053f3d98f6d33f6464ebdd9ee95acd74ba2c34e183086900a827", size = 451801 },
    { url = "https://files.pythonhosted.org/packages/b6/be/d7da83307863a422abbfeb12903a76e43200c90ebe5d6afd6a59d158edea/watchfiles-0.24.0-cp313-cp313-manylinux_2_17_ppc64le.manylinux2014_ppc64le.whl", hash = "sha256:43e3e37c15a8b6fe00c1bce2473cfa8eb3484bbeecf3aefbf259227e487a03df", size = 468886 },
    { url = "https://files.pythonhosted.org/packages/1d/d3/3dfe131ee59d5e90b932cf56aba5c996309d94dafe3d02d204364c23461c/watchfiles-0.24.0-cp313-cp313-manylinux_2_17_s390x.manylinux2014_s390x.whl", hash = "sha256:88bcd4d0fe1d8ff43675360a72def210ebad3f3f72cabfeac08d825d2639b4ab", size = 472973 },
    { url = "https://files.pythonhosted.org/packages/42/6c/279288cc5653a289290d183b60a6d80e05f439d5bfdfaf2d113738d0f932/watchfiles-0.24.0-cp313-cp313-manylinux_2_17_x86_64.manylinux2014_x86_64.whl", hash = "sha256:999928c6434372fde16c8f27143d3e97201160b48a614071261701615a2a156f", size = 425282 },
    { url = "https://files.pythonhosted.org/packages/d6/d7/58afe5e85217e845edf26d8780c2d2d2ae77675eeb8d1b8b8121d799ce52/watchfiles-0.24.0-cp313-cp313-musllinux_1_1_aarch64.whl", hash = "sha256:30bbd525c3262fd9f4b1865cb8d88e21161366561cd7c9e1194819e0a33ea86b", size = 612540 },
    { url = "https://files.pythonhosted.org/packages/6d/d5/b96eeb9fe3fda137200dd2f31553670cbc731b1e13164fd69b49870b76ec/watchfiles-0.24.0-cp313-cp313-musllinux_1_1_x86_64.whl", hash = "sha256:edf71b01dec9f766fb285b73930f95f730bb0943500ba0566ae234b5c1618c18", size = 593625 },
    { url = "https://files.pythonhosted.org/packages/c1/e5/c326fe52ee0054107267608d8cea275e80be4455b6079491dfd9da29f46f/watchfiles-0.24.0-cp313-none-win32.whl", hash = "sha256:f4c96283fca3ee09fb044f02156d9570d156698bc3734252175a38f0e8975f07", size = 263899 },
    { url = "https://files.pythonhosted.org/packages/a6/8b/8a7755c5e7221bb35fe4af2dc44db9174f90ebf0344fd5e9b1e8b42d381e/watchfiles-0.24.0-cp313-none-win_amd64.whl", hash = "sha256:a974231b4fdd1bb7f62064a0565a6b107d27d21d9acb50c484d2cdba515b9366", size = 276622 },
]
