version = 1
requires-python = ">=3.12"

[[distribution]]
name = "anyio"
version = "4.4.0"
source = "registry+https://pypi.org/simple"
sdist = { url = "https://files.pythonhosted.org/packages/e6/e3/c4c8d473d6780ef1853d630d581f70d655b4f8d7553c6997958c283039a2/anyio-4.4.0.tar.gz", hash = "sha256:5aadc6a1bbb7cdb0bede386cac5e2940f5e2ff3aa20277e991cf028e0585ce94", size = 163930 }
wheels = [{ url = "https://files.pythonhosted.org/packages/7b/a2/10639a79341f6c019dedc95bd48a4928eed9f1d1197f4c04f546fc7ae0ff/anyio-4.4.0-py3-none-any.whl", hash = "sha256:c1b2d8f46a8a812513012e1107cb0e68c17159a7a594208005a57dc776e1bdc7", size = 86780 }]

[[distribution.dependencies]]
name = "exceptiongroup"
version = "1.2.1"
source = "registry+https://pypi.org/simple"

[[distribution.dependencies]]
name = "idna"
version = "3.7"
source = "registry+https://pypi.org/simple"

[[distribution.dependencies]]
name = "sniffio"
version = "1.3.1"
source = "registry+https://pypi.org/simple"

[[distribution.dependencies]]
name = "typing-extensions"
version = "4.12.2"
source = "registry+https://pypi.org/simple"

[[distribution]]
name = "colorama"
version = "0.4.6"
source = "registry+https://pypi.org/simple"
marker = "sys_platform == 'win32'"
sdist = { url = "https://files.pythonhosted.org/packages/d8/53/6f443c9a4a8358a93a6792e2acffb9d9d5cb0a5cfd8802644b7b1c9a02e4/colorama-0.4.6.tar.gz", hash = "sha256:08695f5cb7ed6e0531a20572697297273c47b8cae5a63ffc6d6ed5c201be6e44", size = 27697 }
wheels = [{ url = "https://files.pythonhosted.org/packages/d1/d6/3965ed04c63042e047cb6a3e6ed1a63a35087b6a609aa3a15ed8ac56c221/colorama-0.4.6-py2.py3-none-any.whl", hash = "sha256:4f1d9991f5acc0ca119f9d443620b77f9d6b33703e51011c16baf57afb285fc6", size = 25335 }]

[[distribution]]
name = "exceptiongroup"
version = "1.2.1"
source = "registry+https://pypi.org/simple"
marker = "python_version < '3.11'"
sdist = { url = "https://files.pythonhosted.org/packages/a0/65/d66b7fbaef021b3c954b3bbb196d21d8a4b97918ea524f82cfae474215af/exceptiongroup-1.2.1.tar.gz", hash = "sha256:a4785e48b045528f5bfe627b6ad554ff32def154f42372786903b7abcfe1aa16", size = 28717 }
wheels = [{ url = "https://files.pythonhosted.org/packages/01/90/79fe92dd413a9cab314ef5c591b5aa9b9ba787ae4cadab75055b0ae00b33/exceptiongroup-1.2.1-py3-none-any.whl", hash = "sha256:5258b9ed329c5bbdd31a309f53cbfb0b155341807f6ff7606a1e801a891b29ad", size = 16458 }]

[[distribution]]
name = "idna"
version = "3.7"
source = "registry+https://pypi.org/simple"
sdist = { url = "https://files.pythonhosted.org/packages/21/ed/f86a79a07470cb07819390452f178b3bef1d375f2ec021ecfc709fc7cf07/idna-3.7.tar.gz", hash = "sha256:028ff3aadf0609c1fd278d8ea3089299412a7a8b9bd005dd08b9f8285bcb5cfc", size = 189575 }
wheels = [{ url = "https://files.pythonhosted.org/packages/e5/3e/741d8c82801c347547f8a2a06aa57dbb1992be9e948df2ea0eda2c8b79e8/idna-3.7-py3-none-any.whl", hash = "sha256:82fee1fc78add43492d3a1898bfa6d8a904cc97d8427f683ed8e798d07761aa0", size = 66836 }]

[[distribution]]
name = "importlib-resources"
version = "6.4.0"
source = "registry+https://pypi.org/simple"
marker = "(python_version < '3.12' and python_version > '3.8')"
sdist = { url = "https://files.pythonhosted.org/packages/c8/9d/6ee73859d6be81c6ea7ebac89655e92740296419bd37e5c8abdb5b62fd55/importlib_resources-6.4.0.tar.gz", hash = "sha256:cdb2b453b8046ca4e3798eb1d84f3cce1446a0e8e7b5ef4efb600f19fc398145", size = 42040 }
wheels = [{ url = "https://files.pythonhosted.org/packages/75/06/4df55e1b7b112d183f65db9503bff189e97179b256e1ea450a3c365241e0/importlib_resources-6.4.0-py3-none-any.whl", hash = "sha256:50d10f043df931902d4194ea07ec57960f66a80449ff867bfe782b4c486ba78c", size = 38168 }]

[[distribution.dependencies]]
name = "zipp"
version = "3.19.2"
source = "registry+https://pypi.org/simple"

[[distribution]]
name = "iniconfig"
version = "2.0.0"
source = "registry+https://pypi.org/simple"
sdist = { url = "https://files.pythonhosted.org/packages/d7/4b/cbd8e699e64a6f16ca3a8220661b5f83792b3017d0f79807cb8708d33913/iniconfig-2.0.0.tar.gz", hash = "sha256:2d91e135bf72d31a410b17c16da610a82cb55f6b0477d1a902134b24a455b8b3", size = 4646 }
wheels = [{ url = "https://files.pythonhosted.org/packages/ef/a6/62565a6e1cf69e10f5727360368e451d4b7f58beeac6173dc9db836a5b46/iniconfig-2.0.0-py3-none-any.whl", hash = "sha256:b6a85871a79d2e3b22d2d1b94ac2824226a63c6b741c88f7ae975f18b6778374", size = 5892 }]

[[distribution]]
name = "packaging"
version = "24.0"
source = "registry+https://pypi.org/simple"
sdist = { url = "https://files.pythonhosted.org/packages/ee/b5/b43a27ac7472e1818c4bafd44430e69605baefe1f34440593e0332ec8b4d/packaging-24.0.tar.gz", hash = "sha256:eb82c5e3e56209074766e6885bb04b8c38a0c015d0a30036ebe7ece34c9989e9", size = 147882 }
wheels = [{ url = "https://files.pythonhosted.org/packages/49/df/1fceb2f8900f8639e278b056416d49134fb8d84c5942ffaa01ad34782422/packaging-24.0-py3-none-any.whl", hash = "sha256:2ddfb553fdf02fb784c234c7ba6ccc288296ceabec964ad2eae3777778130bc5", size = 53488 }]

[[distribution]]
name = "packse"
version = "0.0.0"
source = "editable+file:///Users/zb/workspace/packse"
sdist = { url = "file:///Users/zb/workspace/packse" }

[distribution.optional-dependencies]

[[distribution.optional-dependencies.index]]
name = "pypiserver"
version = "2.1.1"
source = "registry+https://pypi.org/simple"

[[distribution.optional-dependencies.serve]]
name = "pypiserver"
version = "2.1.1"
source = "registry+https://pypi.org/simple"

[[distribution.optional-dependencies.serve]]
name = "watchfiles"
version = "0.21.0"
source = "registry+https://pypi.org/simple"

[distribution.dev-dependencies]

[[distribution.dev-dependencies.dev]]
name = "psutil"
version = "5.9.8"
source = "registry+https://pypi.org/simple"

[[distribution.dev-dependencies.dev]]
name = "syrupy"
version = "4.6.1"
source = "registry+https://pypi.org/simple"

[[distribution.dev-dependencies.dev]]
name = "pytest"
version = "8.2.2"
source = "registry+https://pypi.org/simple"

[[distribution]]
name = "pip"
version = "24.0"
source = "registry+https://pypi.org/simple"
sdist = { url = "https://files.pythonhosted.org/packages/94/59/6638090c25e9bc4ce0c42817b5a234e183872a1129735a9330c472cc2056/pip-24.0.tar.gz", hash = "sha256:ea9bd1a847e8c5774a5777bb398c19e80bcd4e2aa16a4b301b718fe6f593aba2", size = 2132709 }
wheels = [{ url = "https://files.pythonhosted.org/packages/8a/6a/19e9fe04fca059ccf770861c7d5721ab4c2aebc539889e97c7977528a53b/pip-24.0-py3-none-any.whl", hash = "sha256:ba0d021a166865d2265246961bec0152ff124de910c5cc39f1156ce3fa7c69dc", size = 2110226 }]

[[distribution]]
name = "pluggy"
version = "1.5.0"
source = "registry+https://pypi.org/simple"
sdist = { url = "https://files.pythonhosted.org/packages/96/2d/02d4312c973c6050a18b314a5ad0b3210edb65a906f868e31c111dede4a6/pluggy-1.5.0.tar.gz", hash = "sha256:2cffa88e94fdc978c4c574f15f9e59b7f4201d439195c3715ca9e2486f1d0cf1", size = 67955 }
wheels = [{ url = "https://files.pythonhosted.org/packages/88/5f/e351af9a41f866ac3f1fac4ca0613908d9a41741cfcf2228f4ad853b697d/pluggy-1.5.0-py3-none-any.whl", hash = "sha256:44e1ad92c8ca002de6377e165f3e0f1be63266ab4d554740532335b9d75ea669", size = 20556 }]

[[distribution]]
name = "psutil"
version = "5.9.8"
source = "registry+https://pypi.org/simple"
sdist = { url = "https://files.pythonhosted.org/packages/90/c7/6dc0a455d111f68ee43f27793971cf03fe29b6ef972042549db29eec39a2/psutil-5.9.8.tar.gz", hash = "sha256:6be126e3225486dff286a8fb9a06246a5253f4c7c53b475ea5f5ac934e64194c", size = 503247 }
wheels = [
	{ url = "https://files.pythonhosted.org/packages/15/9a/c3e2922e2d672bafd37cf3b9681097c350463cdcf0e286e907ddd6cfb014/psutil-5.9.8-cp27-cp27m-macosx_10_9_x86_64.whl", hash = "sha256:26bd09967ae00920df88e0352a91cff1a78f8d69b3ecabbfe733610c0af486c8", size = 248274 },
	{ url = "https://files.pythonhosted.org/packages/62/e6/6d62285989d53a83def28ea49b46d3e00462d1273c7c47d9678ee28a0a39/psutil-5.9.8-cp27-cp27m-manylinux2010_i686.whl", hash = "sha256:05806de88103b25903dff19bb6692bd2e714ccf9e668d050d144012055cbca73", size = 314796 },
	{ url = "https://files.pythonhosted.org/packages/38/ba/41815f353f79374c1ad82aba998c666c7209793daf12f4799cfaa7302f29/psutil-5.9.8-cp27-cp27m-manylinux2010_x86_64.whl", hash = "sha256:611052c4bc70432ec770d5d54f64206aa7203a101ec273a0cd82418c86503bb7", size = 315422 },
	{ url = "https://files.pythonhosted.org/packages/a8/2f/ad80cc502c452e1f207307a7d53533505ca47c503ec6e9f7e2c9fbb367e8/psutil-5.9.8-cp27-cp27mu-manylinux2010_i686.whl", hash = "sha256:50187900d73c1381ba1454cf40308c2bf6f34268518b3f36a9b663ca87e65e36", size = 314802 },
	{ url = "https://files.pythonhosted.org/packages/e4/c3/357a292dee683282f7a46b752a76c5d56c78bf8f5d9def0ca0d39073344a/psutil-5.9.8-cp27-cp27mu-manylinux2010_x86_64.whl", hash = "sha256:02615ed8c5ea222323408ceba16c60e99c3f91639b07da6373fb7e6539abc56d", size = 315420 },
	{ url = "https://files.pythonhosted.org/packages/fe/5f/c26deb822fd3daf8fde4bdb658bf87d9ab1ffd3fca483816e89a9a9a9084/psutil-5.9.8-cp27-none-win32.whl", hash = "sha256:36f435891adb138ed3c9e58c6af3e2e6ca9ac2f365efe1f9cfef2794e6c93b4e", size = 248660 },
	{ url = "https://files.pythonhosted.org/packages/32/1d/cf66073d74d6146187e2d0081a7616df4437214afa294ee4f16f80a2f96a/psutil-5.9.8-cp27-none-win_amd64.whl", hash = "sha256:bd1184ceb3f87651a67b2708d4c3338e9b10c5df903f2e3776b62303b26cb631", size = 251966 },
	{ url = "https://files.pythonhosted.org/packages/e7/e3/07ae864a636d70a8a6f58da27cb1179192f1140d5d1da10886ade9405797/psutil-5.9.8-cp36-abi3-macosx_10_9_x86_64.whl", hash = "sha256:aee678c8720623dc456fa20659af736241f575d79429a0e5e9cf88ae0605cc81", size = 248702 },
	{ url = "https://files.pythonhosted.org/packages/b3/bd/28c5f553667116b2598b9cc55908ec435cb7f77a34f2bff3e3ca765b0f78/psutil-5.9.8-cp36-abi3-manylinux_2_12_i686.manylinux2010_i686.manylinux_2_17_i686.manylinux2014_i686.whl", hash = "sha256:8cb6403ce6d8e047495a701dc7c5bd788add903f8986d523e3e20b98b733e421", size = 285242 },
	{ url = "https://files.pythonhosted.org/packages/c5/4f/0e22aaa246f96d6ac87fe5ebb9c5a693fbe8877f537a1022527c47ca43c5/psutil-5.9.8-cp36-abi3-manylinux_2_12_x86_64.manylinux2010_x86_64.manylinux_2_17_x86_64.manylinux2014_x86_64.whl", hash = "sha256:d06016f7f8625a1825ba3732081d77c94589dca78b7a3fc072194851e88461a4", size = 288191 },
	{ url = "https://files.pythonhosted.org/packages/dd/9e/85c3bd5b466d96c091bbd6339881e99106adb43d5d60bde32ac181ab6fef/psutil-5.9.8-cp36-cp36m-win32.whl", hash = "sha256:7d79560ad97af658a0f6adfef8b834b53f64746d45b403f225b85c5c2c140eee", size = 253203 },
	{ url = "https://files.pythonhosted.org/packages/0b/58/bcffb5ab03ec558e565d2871c01215dde74e11f583fb71e7d2b107200caa/psutil-5.9.8-cp36-cp36m-win_amd64.whl", hash = "sha256:27cc40c3493bb10de1be4b3f07cae4c010ce715290a5be22b98493509c6299e2", size = 258655 },
	{ url = "https://files.pythonhosted.org/packages/6e/f5/2aa3a4acdc1e5940b59d421742356f133185667dd190b166dbcfcf5d7b43/psutil-5.9.8-cp37-abi3-win32.whl", hash = "sha256:bc56c2a1b0d15aa3eaa5a60c9f3f8e3e565303b465dbf57a1b730e7a2b9844e0", size = 251252 },
	{ url = "https://files.pythonhosted.org/packages/93/52/3e39d26feae7df0aa0fd510b14012c3678b36ed068f7d78b8d8784d61f0e/psutil-5.9.8-cp37-abi3-win_amd64.whl", hash = "sha256:8db4c1b57507eef143a15a6884ca10f7c73876cdf5d51e713151c1236a0e68cf", size = 255090 },
	{ url = "https://files.pythonhosted.org/packages/05/33/2d74d588408caedd065c2497bdb5ef83ce6082db01289a1e1147f6639802/psutil-5.9.8-cp38-abi3-macosx_11_0_arm64.whl", hash = "sha256:d16bbddf0693323b8c6123dd804100241da461e41d6e332fb0ba6058f630f8c8", size = 249898 }
]

[[distribution]]
name = "pypiserver"
version = "2.1.1"
source = "registry+https://pypi.org/simple"
sdist = { url = "https://files.pythonhosted.org/packages/bb/31/007c532dea348eae41cd309920c01263ddde18cd9a9c307a8d75e7994b38/pypiserver-2.1.1.tar.gz", hash = "sha256:3f15a94969265add2ef44a035117b8dd18d7525af871ed58ac2571276293579b", size = 188504 }
wheels = [{ url = "https://files.pythonhosted.org/packages/97/1f/846aa2ea6e264efc2de4f293a2f548b8ac932041e1e0ab91eb81426983a7/pypiserver-2.1.1-py2.py3-none-any.whl", hash = "sha256:8c7ed96b2f76f2843e4a27002846bd7ebb7217e143cf60456ee6fa2a415c2d73", size = 92886 }]

[[distribution.dependencies]]
name = "importlib-resources"
version = "6.4.0"
source = "registry+https://pypi.org/simple"

[[distribution.dependencies]]
name = "packaging"
version = "24.0"
source = "registry+https://pypi.org/simple"

[[distribution.dependencies]]
name = "pip"
version = "24.0"
source = "registry+https://pypi.org/simple"

[[distribution]]
name = "pytest"
version = "8.2.2"
source = "registry+https://pypi.org/simple"
sdist = { url = "https://files.pythonhosted.org/packages/a6/58/e993ca5357553c966b9e73cb3475d9c935fe9488746e13ebdf9b80fae508/pytest-8.2.2.tar.gz", hash = "sha256:de4bb8104e201939ccdc688b27a89a7be2079b22e2bd2b07f806b6ba71117977", size = 1427980 }
wheels = [{ url = "https://files.pythonhosted.org/packages/4e/e7/81ebdd666d3bff6670d27349b5053605d83d55548e6bd5711f3b0ae7dd23/pytest-8.2.2-py3-none-any.whl", hash = "sha256:c434598117762e2bd304e526244f67bf66bbd7b5d6cf22138be51ff661980343", size = 339873 }]

[[distribution.dependencies]]
name = "colorama"
version = "0.4.6"
source = "registry+https://pypi.org/simple"

[[distribution.dependencies]]
name = "exceptiongroup"
version = "1.2.1"
source = "registry+https://pypi.org/simple"

[[distribution.dependencies]]
name = "iniconfig"
version = "2.0.0"
source = "registry+https://pypi.org/simple"

[[distribution.dependencies]]
name = "packaging"
version = "24.0"
source = "registry+https://pypi.org/simple"

[[distribution.dependencies]]
name = "pluggy"
version = "1.5.0"
source = "registry+https://pypi.org/simple"

[[distribution.dependencies]]
name = "tomli"
version = "2.0.1"
source = "registry+https://pypi.org/simple"

[[distribution]]
name = "sniffio"
version = "1.3.1"
source = "registry+https://pypi.org/simple"
sdist = { url = "https://files.pythonhosted.org/packages/a2/87/a6771e1546d97e7e041b6ae58d80074f81b7d5121207425c964ddf5cfdbd/sniffio-1.3.1.tar.gz", hash = "sha256:f4324edc670a0f49750a81b895f35c3adb843cca46f0530f79fc1babb23789dc", size = 20372 }
wheels = [{ url = "https://files.pythonhosted.org/packages/e9/44/75a9c9421471a6c4805dbf2356f7c181a29c1879239abab1ea2cc8f38b40/sniffio-1.3.1-py3-none-any.whl", hash = "sha256:2f6da418d1f1e0fddd844478f41680e794e6051915791a034ff65e5f100525a2", size = 10235 }]

[[distribution]]
name = "syrupy"
version = "4.6.1"
source = "registry+https://pypi.org/simple"
sdist = { url = "https://files.pythonhosted.org/packages/57/1f/940533d37d87a89bce0ff9e071217a30bacda2c008ce20b8bc7f64094696/syrupy-4.6.1.tar.gz", hash = "sha256:37a835c9ce7857eeef86d62145885e10b3cb9615bc6abeb4ce404b3f18e1bb36", size = 47550 }
wheels = [{ url = "https://files.pythonhosted.org/packages/10/37/c1a22c32b6736c7f0345b9573d6874c94a68aff19ca8d1015e3d5f8a91e1/syrupy-4.6.1-py3-none-any.whl", hash = "sha256:203e52f9cb9fa749cf683f29bd68f02c16c3bc7e7e5fe8f2fc59bdfe488ce133", size = 47211 }]

[[distribution.dependencies]]
name = "pytest"
version = "8.2.2"
source = "registry+https://pypi.org/simple"

[[distribution]]
name = "tomli"
version = "2.0.1"
source = "registry+https://pypi.org/simple"
marker = "python_version < '3.11'"
sdist = { url = "https://files.pythonhosted.org/packages/c0/3f/d7af728f075fb08564c5949a9c95e44352e23dee646869fa104a3b2060a3/tomli-2.0.1.tar.gz", hash = "sha256:de526c12914f0c550d15924c62d72abc48d6fe7364aa87328337a31007fe8a4f", size = 15164 }
wheels = [{ url = "https://files.pythonhosted.org/packages/97/75/10a9ebee3fd790d20926a90a2547f0bf78f371b2f13aa822c759680ca7b9/tomli-2.0.1-py3-none-any.whl", hash = "sha256:939de3e7a6161af0c887ef91b7d41a53e7c5a1ca976325f429cb46ea9bc30ecc", size = 12757 }]

[[distribution]]
name = "typing-extensions"
version = "4.12.2"
source = "registry+https://pypi.org/simple"
marker = "python_version < '3.11'"
sdist = { url = "https://files.pythonhosted.org/packages/df/db/f35a00659bc03fec321ba8bce9420de607a1d37f8342eee1863174c69557/typing_extensions-4.12.2.tar.gz", hash = "sha256:1a7ead55c7e559dd4dee8856e3a88b41225abfe1ce8df57b7c13915fe121ffb8", size = 85321 }
wheels = [{ url = "https://files.pythonhosted.org/packages/26/9f/ad63fc0248c5379346306f8668cda6e2e2e9c95e01216d2b8ffd9ff037d0/typing_extensions-4.12.2-py3-none-any.whl", hash = "sha256:04e5ca0351e0f3f85c6853954072df659d0d13fac324d0072316b67d7794700d", size = 37438 }]

[[distribution]]
name = "watchfiles"
version = "0.21.0"
source = "registry+https://pypi.org/simple"
sdist = { url = "https://files.pythonhosted.org/packages/66/79/0ee412e1228aaf6f9568aa180b43cb482472de52560fbd7c283c786534af/watchfiles-0.21.0.tar.gz", hash = "sha256:c76c635fabf542bb78524905718c39f736a98e5ab25b23ec6d4abede1a85a6a3", size = 37098 }
wheels = [
	{ url = "https://files.pythonhosted.org/packages/6e/85/ea2a035b7d86bf0a29ee1c32bc2df8ad4da77e6602806e679d9735ff28cb/watchfiles-0.21.0-cp310-cp310-macosx_10_7_x86_64.whl", hash = "sha256:27b4035013f1ea49c6c0b42d983133b136637a527e48c132d368eb19bf1ac6aa", size = 428182 },
	{ url = "https://files.pythonhosted.org/packages/b5/e5/240e5eb3ff0ee3da3b028ac5be2019c407bdd0f3fdb02bd75fdf3bd10aff/watchfiles-0.21.0-cp310-cp310-macosx_11_0_arm64.whl", hash = "sha256:c81818595eff6e92535ff32825f31c116f867f64ff8cdf6562cd1d6b2e1e8f3e", size = 418275 },
	{ url = "https://files.pythonhosted.org/packages/5b/79/ecd0dfb04443a1900cd3952d7ea6493bf655c2db9a0d3736a5d98a15da39/watchfiles-0.21.0-cp310-cp310-manylinux_2_12_i686.manylinux2010_i686.whl", hash = "sha256:6c107ea3cf2bd07199d66f156e3ea756d1b84dfd43b542b2d870b77868c98c03", size = 1379785 },
	{ url = "https://files.pythonhosted.org/packages/41/0e/3333b986b1889bb71f0e44b3fac0591824a679619b8b8ddd70ff8858edc4/watchfiles-0.21.0-cp310-cp310-manylinux_2_17_aarch64.manylinux2014_aarch64.whl", hash = "sha256:0d9ac347653ebd95839a7c607608703b20bc07e577e870d824fa4801bc1cb124", size = 1349374 },
	{ url = "https://files.pythonhosted.org/packages/18/c4/ad5ad16cad900a29aaa792e0ed121ff70d76f74062b051661090d88c6dfd/watchfiles-0.21.0-cp310-cp310-manylinux_2_17_armv7l.manylinux2014_armv7l.whl", hash = "sha256:5eb86c6acb498208e7663ca22dbe68ca2cf42ab5bf1c776670a50919a56e64ab", size = 1348033 },
	{ url = "https://files.pythonhosted.org/packages/4e/d2/769254ff04ba88ceb179a6e892606ac4da17338eb010e85ca7a9c3339234/watchfiles-0.21.0-cp310-cp310-manylinux_2_17_ppc64le.manylinux2014_ppc64le.whl", hash = "sha256:f564bf68404144ea6b87a78a3f910cc8de216c6b12a4cf0b27718bf4ec38d303", size = 1464393 },
	{ url = "https://files.pythonhosted.org/packages/14/d0/662800e778ca20e7664dd5df57751aa79ef18b6abb92224b03c8c2e852a6/watchfiles-0.21.0-cp310-cp310-manylinux_2_17_s390x.manylinux2014_s390x.whl", hash = "sha256:3d0f32ebfaa9c6011f8454994f86108c2eb9c79b8b7de00b36d558cadcedaa3d", size = 1542953 },
	{ url = "https://files.pythonhosted.org/packages/f7/4b/b90dcdc3bbaf3bb2db733e1beea2d01566b601c15fcf8e71dfcc8686c097/watchfiles-0.21.0-cp310-cp310-manylinux_2_17_x86_64.manylinux2014_x86_64.whl", hash = "sha256:b6d45d9b699ecbac6c7bd8e0a2609767491540403610962968d258fd6405c17c", size = 1346961 },
	{ url = "https://files.pythonhosted.org/packages/92/ff/75cc1b30c5abcad13a2a72e75625ec619c7a393028a111d7d24dba578d5e/watchfiles-0.21.0-cp310-cp310-musllinux_1_1_aarch64.whl", hash = "sha256:aff06b2cac3ef4616e26ba17a9c250c1fe9dd8a5d907d0193f84c499b1b6e6a9", size = 1464393 },
	{ url = "https://files.pythonhosted.org/packages/9a/65/12cbeb363bf220482a559c48107edfd87f09248f55e1ac315a36c2098a0f/watchfiles-0.21.0-cp310-cp310-musllinux_1_1_x86_64.whl", hash = "sha256:d9792dff410f266051025ecfaa927078b94cc7478954b06796a9756ccc7e14a9", size = 1463409 },
	{ url = "https://files.pythonhosted.org/packages/f2/08/92e28867c66f0d9638bb131feca739057efc48dbcd391fd7f0a55507e470/watchfiles-0.21.0-cp310-none-win32.whl", hash = "sha256:214cee7f9e09150d4fb42e24919a1e74d8c9b8a9306ed1474ecaddcd5479c293", size = 268101 },
	{ url = "https://files.pythonhosted.org/packages/4b/ea/80527adf1ad51488a96fc201715730af5879f4dfeccb5e2069ff82d890d4/watchfiles-0.21.0-cp310-none-win_amd64.whl", hash = "sha256:1ad7247d79f9f55bb25ab1778fd47f32d70cf36053941f07de0b7c4e96b5d235", size = 279675 },
	{ url = "https://files.pythonhosted.org/packages/57/b9/2667286003dd305b81d3a3aa824d3dfc63dacbf2a96faae09e72d953c430/watchfiles-0.21.0-cp311-cp311-macosx_10_7_x86_64.whl", hash = "sha256:668c265d90de8ae914f860d3eeb164534ba2e836811f91fecc7050416ee70aa7", size = 428210 },
	{ url = "https://files.pythonhosted.org/packages/a3/87/6793ac60d2e20c9c1883aec7431c2e7b501ee44a839f6da1b747c13baa23/watchfiles-0.21.0-cp311-cp311-macosx_11_0_arm64.whl", hash = "sha256:3a23092a992e61c3a6a70f350a56db7197242f3490da9c87b500f389b2d01eef", size = 418196 },
	{ url = "https://files.pythonhosted.org/packages/5d/12/e1d1d220c5b99196eea38c9a878964f30a2b55ec9d72fd713191725b35e8/watchfiles-0.21.0-cp311-cp311-manylinux_2_12_i686.manylinux2010_i686.whl", hash = "sha256:e7941bbcfdded9c26b0bf720cb7e6fd803d95a55d2c14b4bd1f6a2772230c586", size = 1380287 },
	{ url = "https://files.pythonhosted.org/packages/0e/cf/126f0a8683f326d190c3539a769e45e747a80a5fcbf797de82e738c946ae/watchfiles-0.21.0-cp311-cp311-manylinux_2_17_aarch64.manylinux2014_aarch64.whl", hash = "sha256:11cd0c3100e2233e9c53106265da31d574355c288e15259c0d40a4405cbae317", size = 1349653 },
	{ url = "https://files.pythonhosted.org/packages/20/6e/6cffd795ec65dbc82f15d95b73d3042c1ddaffc4dd25f6c8240bfcf0640f/watchfiles-0.21.0-cp311-cp311-manylinux_2_17_armv7l.manylinux2014_armv7l.whl", hash = "sha256:d78f30cbe8b2ce770160d3c08cff01b2ae9306fe66ce899b73f0409dc1846c1b", size = 1348844 },
	{ url = "https://files.pythonhosted.org/packages/d5/2a/f9633279d8937ad84c532997405dd106fa6100e8d2b83e364f1c87561f96/watchfiles-0.21.0-cp311-cp311-manylinux_2_17_ppc64le.manylinux2014_ppc64le.whl", hash = "sha256:6674b00b9756b0af620aa2a3346b01f8e2a3dc729d25617e1b89cf6af4a54eb1", size = 1464343 },
	{ url = "https://files.pythonhosted.org/packages/d7/49/9b2199bbf3c89e7c8dd795fced9dac29f201be8a28a5df0c8ff625737df6/watchfiles-0.21.0-cp311-cp311-manylinux_2_17_s390x.manylinux2014_s390x.whl", hash = "sha256:fd7ac678b92b29ba630d8c842d8ad6c555abda1b9ef044d6cc092dacbfc9719d", size = 1542858 },
	{ url = "https://files.pythonhosted.org/packages/35/e0/e8a9c1fe30e98c5b3507ad381abc4d9ee2c3b9c0ae62ffe9c164a5838186/watchfiles-0.21.0-cp311-cp311-manylinux_2_17_x86_64.manylinux2014_x86_64.whl", hash = "sha256:9c873345680c1b87f1e09e0eaf8cf6c891b9851d8b4d3645e7efe2ec20a20cc7", size = 1347464 },
	{ url = "https://files.pythonhosted.org/packages/ba/66/873739dd7defdfaee4b880114de9463fae18ba13ae2ddd784806b0ee33b6/watchfiles-0.21.0-cp311-cp311-musllinux_1_1_aarch64.whl", hash = "sha256:49f56e6ecc2503e7dbe233fa328b2be1a7797d31548e7a193237dcdf1ad0eee0", size = 1464343 },
	{ url = "https://files.pythonhosted.org/packages/bd/51/d7539aa258d8f0e5d7b870af8b9b8964b4f88a1e4517eeb8a2efb838e9b3/watchfiles-0.21.0-cp311-cp311-musllinux_1_1_x86_64.whl", hash = "sha256:02d91cbac553a3ad141db016e3350b03184deaafeba09b9d6439826ee594b365", size = 1463338 },
	{ url = "https://files.pythonhosted.org/packages/ee/92/219c539a2a93b6870fa7b84eace946983126b20a7e15c6c034d8d0472682/watchfiles-0.21.0-cp311-none-win32.whl", hash = "sha256:ebe684d7d26239e23d102a2bad2a358dedf18e462e8808778703427d1f584400", size = 267658 },
	{ url = "https://files.pythonhosted.org/packages/f3/dc/2a8a447b783f5059c4bf7a6bad8fe59375a5a9ce872774763b25c21c2860/watchfiles-0.21.0-cp311-none-win_amd64.whl", hash = "sha256:4566006aa44cb0d21b8ab53baf4b9c667a0ed23efe4aaad8c227bfba0bf15cbe", size = 280113 },
	{ url = "https://files.pythonhosted.org/packages/22/15/e4085181cf0210a6ec6eb29fee0c6088de867ee33d81555076a4a2726e8b/watchfiles-0.21.0-cp311-none-win_arm64.whl", hash = "sha256:c550a56bf209a3d987d5a975cdf2063b3389a5d16caf29db4bdddeae49f22078", size = 268688 },
	{ url = "https://files.pythonhosted.org/packages/a1/fd/2f009eb17809afd32a143b442856628585c9ce3a9c6d5c1841e44e35a16c/watchfiles-0.21.0-cp312-cp312-macosx_10_7_x86_64.whl", hash = "sha256:51ddac60b96a42c15d24fbdc7a4bfcd02b5a29c047b7f8bf63d3f6f5a860949a", size = 426902 },
	{ url = "https://files.pythonhosted.org/packages/e0/62/a2605f212a136e06f2d056ee7491ede9935ba0f1d5ceafd1f7da2a0c8625/watchfiles-0.21.0-cp312-cp312-macosx_11_0_arm64.whl", hash = "sha256:511f0b034120cd1989932bf1e9081aa9fb00f1f949fbd2d9cab6264916ae89b1", size = 417300 },
	{ url = "https://files.pythonhosted.org/packages/69/0e/29f158fa22eb2cc1f188b5ec20fb5c0a64eb801e3901ad5b7ad546cbaed0/watchfiles-0.21.0-cp312-cp312-manylinux_2_12_i686.manylinux2010_i686.whl", hash = "sha256:cfb92d49dbb95ec7a07511bc9efb0faff8fe24ef3805662b8d6808ba8409a71a", size = 1378126 },
	{ url = "https://files.pythonhosted.org/packages/e8/f3/c67865cb5a174201c52d34e870cc7956b8408ee83ce9a02909d6a2a93a14/watchfiles-0.21.0-cp312-cp312-manylinux_2_17_aarch64.manylinux2014_aarch64.whl", hash = "sha256:3f92944efc564867bbf841c823c8b71bb0be75e06b8ce45c084b46411475a915", size = 1348275 },
	{ url = "https://files.pythonhosted.org/packages/d7/eb/b6f1184d1c7b9670f5bd1e184e4c221ecf25fd817cf2fcac6adc387882b5/watchfiles-0.21.0-cp312-cp312-manylinux_2_17_armv7l.manylinux2014_armv7l.whl", hash = "sha256:642d66b75eda909fd1112d35c53816d59789a4b38c141a96d62f50a3ef9b3360", size = 1347255 },
	{ url = "https://files.pythonhosted.org/packages/c8/27/e534e4b3fe739f4bf8bd5dc4c26cbc5d3baa427125d8ef78a6556acd6ff4/watchfiles-0.21.0-cp312-cp312-manylinux_2_17_ppc64le.manylinux2014_ppc64le.whl", hash = "sha256:d23bcd6c8eaa6324fe109d8cac01b41fe9a54b8c498af9ce464c1aeeb99903d6", size = 1462845 },
	{ url = "https://files.pythonhosted.org/packages/b0/ba/a0d1c1c55f75e7e47c8f79f2314f7ec670b5177596f6d27764aecc7048cd/watchfiles-0.21.0-cp312-cp312-manylinux_2_17_s390x.manylinux2014_s390x.whl", hash = "sha256:18d5b4da8cf3e41895b34e8c37d13c9ed294954907929aacd95153508d5d89d7", size = 1528957 },
	{ url = "https://files.pythonhosted.org/packages/1c/3a/4e38518c4dff58090c01fc8cc051fa08ac9ae00b361c855075809b0058ce/watchfiles-0.21.0-cp312-cp312-manylinux_2_17_x86_64.manylinux2014_x86_64.whl", hash = "sha256:1b8d1eae0f65441963d805f766c7e9cd092f91e0c600c820c764a4ff71a0764c", size = 1345542 },
	{ url = "https://files.pythonhosted.org/packages/9f/b7/783097f8137a710d5cd9ccbfcd92e4b453d38dab05cfcb5dbd2c587752e5/watchfiles-0.21.0-cp312-cp312-musllinux_1_1_aarch64.whl", hash = "sha256:1fd9a5205139f3c6bb60d11f6072e0552f0a20b712c85f43d42342d162be1235", size = 1462238 },
	{ url = "https://files.pythonhosted.org/packages/6b/4c/b741eb38f2c408ae9c5a25235f6506b1dda43486ae0fdb4c462ef75bce11/watchfiles-0.21.0-cp312-cp312-musllinux_1_1_x86_64.whl", hash = "sha256:a1e3014a625bcf107fbf38eece0e47fa0190e52e45dc6eee5a8265ddc6dc5ea7", size = 1462406 },
	{ url = "https://files.pythonhosted.org/packages/77/e4/8d2b3c67364671b0e1c0ce383895a5415f45ecb3e8586982deff4a8e85c9/watchfiles-0.21.0-cp312-none-win32.whl", hash = "sha256:9d09869f2c5a6f2d9df50ce3064b3391d3ecb6dced708ad64467b9e4f2c9bef3", size = 266789 },
	{ url = "https://files.pythonhosted.org/packages/da/f2/6b1de38aeb21eb9dac1ae6a1ee4521566e79690117032036c737cfab52fa/watchfiles-0.21.0-cp312-none-win_amd64.whl", hash = "sha256:18722b50783b5e30a18a8a5db3006bab146d2b705c92eb9a94f78c72beb94094", size = 280292 },
	{ url = "https://files.pythonhosted.org/packages/5a/a5/7aba9435beb863c2490bae3173a45f42044ac7a48155d3dd42ab49cfae45/watchfiles-0.21.0-cp312-none-win_arm64.whl", hash = "sha256:a3b9bec9579a15fb3ca2d9878deae789df72f2b0fdaf90ad49ee389cad5edab6", size = 268026 },
	{ url = "https://files.pythonhosted.org/packages/1b/36/6de490cc56af5a0e24f3d7ccf3c05a7a8624cdf5e163ae290fe09cbc0fc5/watchfiles-0.21.0-cp38-cp38-macosx_10_7_x86_64.whl", hash = "sha256:4ea10a29aa5de67de02256a28d1bf53d21322295cb00bd2d57fcd19b850ebd99", size = 429025 },
	{ url = "https://files.pythonhosted.org/packages/8c/28/14934a760698d493cc2065481639445fac172bda894d4727f4678b9d016f/watchfiles-0.21.0-cp38-cp38-macosx_11_0_arm64.whl", hash = "sha256:40bca549fdc929b470dd1dbfcb47b3295cb46a6d2c90e50588b0a1b3bd98f429", size = 418450 },
	{ url = "https://files.pythonhosted.org/packages/83/94/5be4f7c3ef32cd5869fb6f18ed44fc7250d81b306ece869573f856fa39e4/watchfiles-0.21.0-cp38-cp38-manylinux_2_12_i686.manylinux2010_i686.whl", hash = "sha256:9b37a7ba223b2f26122c148bb8d09a9ff312afca998c48c725ff5a0a632145f7", size = 1380338 },
	{ url = "https://files.pythonhosted.org/packages/d3/18/4b7f189b72b5d76e0f7a3ef602c47eebb44826ad2e3dd360c6fb856111d7/watchfiles-0.21.0-cp38-cp38-manylinux_2_17_aarch64.manylinux2014_aarch64.whl", hash = "sha256:ec8c8900dc5c83650a63dd48c4d1d245343f904c4b64b48798c67a3767d7e165", size = 1350196 },
	{ url = "https://files.pythonhosted.org/packages/79/24/eb297bfe2c4909f861f637e5a6daeb6d7d0f5d5a0379e18a53403823556e/watchfiles-0.21.0-cp38-cp38-manylinux_2_17_armv7l.manylinux2014_armv7l.whl", hash = "sha256:8ad3fe0a3567c2f0f629d800409cd528cb6251da12e81a1f765e5c5345fd0137", size = 1348458 },
	{ url = "https://files.pythonhosted.org/packages/31/b0/7994140859df017a00b63330299e2e48b472dbc721052bb243884a65ac79/watchfiles-0.21.0-cp38-cp38-manylinux_2_17_ppc64le.manylinux2014_ppc64le.whl", hash = "sha256:9d353c4cfda586db2a176ce42c88f2fc31ec25e50212650c89fdd0f560ee507b", size = 1464506 },
	{ url = "https://files.pythonhosted.org/packages/5f/f1/22139d0c79e6b95e64ea3beb554de3b4a4b5028e91a1e444fbb8ea2b73b7/watchfiles-0.21.0-cp38-cp38-manylinux_2_17_s390x.manylinux2014_s390x.whl", hash = "sha256:83a696da8922314ff2aec02987eefb03784f473281d740bf9170181829133765", size = 1544942 },
	{ url = "https://files.pythonhosted.org/packages/da/42/90669adbc6293b6543a77ea104c84d8db56a0021cdd51274c8404f10e7d0/watchfiles-0.21.0-cp38-cp38-manylinux_2_17_x86_64.manylinux2014_x86_64.whl", hash = "sha256:5a03651352fc20975ee2a707cd2d74a386cd303cc688f407296064ad1e6d1562", size = 1347645 },
	{ url = "https://files.pythonhosted.org/packages/02/94/49ccb19250533099792bed3f08849dbf37d1762655b873d4b444dd3bdb51/watchfiles-0.21.0-cp38-cp38-musllinux_1_1_aarch64.whl", hash = "sha256:3ad692bc7792be8c32918c699638b660c0de078a6cbe464c46e1340dadb94c19", size = 1465407 },
	{ url = "https://files.pythonhosted.org/packages/0d/67/ceaec64dfb20b39b8e70bc99334fe384d5fd60605ad892efe0d210b43f42/watchfiles-0.21.0-cp38-cp38-musllinux_1_1_x86_64.whl", hash = "sha256:06247538e8253975bdb328e7683f8515ff5ff041f43be6c40bff62d989b7d0b0", size = 1464180 },
	{ url = "https://files.pythonhosted.org/packages/e1/4c/da6cfbb501bd3a07d9955cf0b7e8e226f99835d86412bc07de6108a64b59/watchfiles-0.21.0-cp38-none-win32.whl", hash = "sha256:9a0aa47f94ea9a0b39dd30850b0adf2e1cd32a8b4f9c7aa443d852aacf9ca214", size = 268534 },
	{ url = "https://files.pythonhosted.org/packages/26/b2/37a838aecc760f8fd219b053a0c6b2bbe536aa2b5a7795206d7e2d16fa3f/watchfiles-0.21.0-cp38-none-win_amd64.whl", hash = "sha256:8d5f400326840934e3507701f9f7269247f7c026d1b6cfd49477d2be0933cfca", size = 279874 },
	{ url = "https://files.pythonhosted.org/packages/1b/a1/9c5e36d5df5c2b7371c03f46d244ef9c4b4ca3ab2df4c9ffdc41bbc4904e/watchfiles-0.21.0-cp39-cp39-macosx_10_7_x86_64.whl", hash = "sha256:7f762a1a85a12cc3484f77eee7be87b10f8c50b0b787bb02f4e357403cad0c0e", size = 428497 },
	{ url = "https://files.pythonhosted.org/packages/bf/5c/6b22d5469d9654a5992111227c487af3d85f528ed1296320c2a99384e2ec/watchfiles-0.21.0-cp39-cp39-macosx_11_0_arm64.whl", hash = "sha256:6e9be3ef84e2bb9710f3f777accce25556f4a71e15d2b73223788d528fcc2052", size = 418655 },
	{ url = "https://files.pythonhosted.org/packages/ca/64/92b462b894cee2ba4df52e571b3b2104fd11fd6ab08a59e2d3493bcab4d2/watchfiles-0.21.0-cp39-cp39-manylinux_2_12_i686.manylinux2010_i686.whl", hash = "sha256:4c48a10d17571d1275701e14a601e36959ffada3add8cdbc9e5061a6e3579a5d", size = 1379891 },
	{ url = "https://files.pythonhosted.org/packages/05/4f/afb1de71928d550c714d5e204e4de542501c3e427c8ec3d7284c0b255c58/watchfiles-0.21.0-cp39-cp39-manylinux_2_17_aarch64.manylinux2014_aarch64.whl", hash = "sha256:6c889025f59884423428c261f212e04d438de865beda0b1e1babab85ef4c0f01", size = 1351023 },
	{ url = "https://files.pythonhosted.org/packages/2d/ba/a3f83f19be619ebaef5bb2da934b66e6e3d376adfaa7117dce77d7ef1119/watchfiles-0.21.0-cp39-cp39-manylinux_2_17_armv7l.manylinux2014_armv7l.whl", hash = "sha256:66fac0c238ab9a2e72d026b5fb91cb902c146202bbd29a9a1a44e8db7b710b6f", size = 1348170 },
	{ url = "https://files.pythonhosted.org/packages/ab/7e/61681016131d06d9827dfdf70c77817af67f3e785860175e1a2b552ae423/watchfiles-0.21.0-cp39-cp39-manylinux_2_17_ppc64le.manylinux2014_ppc64le.whl", hash = "sha256:b4a21f71885aa2744719459951819e7bf5a906a6448a6b2bbce8e9cc9f2c8128", size = 1463794 },
	{ url = "https://files.pythonhosted.org/packages/fc/60/f94029d1beb8b544f6db6828c7ccc29aa748e6bc82d143637cecff998d5c/watchfiles-0.21.0-cp39-cp39-manylinux_2_17_s390x.manylinux2014_s390x.whl", hash = "sha256:1c9198c989f47898b2c22201756f73249de3748e0fc9de44adaf54a8b259cc0c", size = 1542392 },
	{ url = "https://files.pythonhosted.org/packages/5d/f4/84841ee14a1717e58674a77d4098ccfc18f76a10f4ec7700062de7ac89ee/watchfiles-0.21.0-cp39-cp39-manylinux_2_17_x86_64.manylinux2014_x86_64.whl", hash = "sha256:d8f57c4461cd24fda22493109c45b3980863c58a25b8bec885ca8bea6b8d4b28", size = 1346423 },
	{ url = "https://files.pythonhosted.org/packages/0b/13/f3d06bb94c13d9cf8e49cc4a9ee50953cdd84053b58049091ff618b6c6bb/watchfiles-0.21.0-cp39-cp39-musllinux_1_1_aarch64.whl", hash = "sha256:853853cbf7bf9408b404754b92512ebe3e3a83587503d766d23e6bf83d092ee6", size = 1464661 },
	{ url = "https://files.pythonhosted.org/packages/5a/da/a90cce0c50af00cf7c09a3ccfe92406d3222745ab3c4da6a110a27216d4e/watchfiles-0.21.0-cp39-cp39-musllinux_1_1_x86_64.whl", hash = "sha256:d5b1dc0e708fad9f92c296ab2f948af403bf201db8fb2eb4c8179db143732e49", size = 1463630 },
	{ url = "https://files.pythonhosted.org/packages/ff/62/2718b99a53b19860b754d7d9e26cf66b458dcbe5a1c131a889402cb2298d/watchfiles-0.21.0-cp39-none-win32.whl", hash = "sha256:59137c0c6826bd56c710d1d2bda81553b5e6b7c84d5a676747d80caf0409ad94", size = 268337 },
	{ url = "https://files.pythonhosted.org/packages/ef/c0/737ddb4c97efd7e4c98852973ca80d7fab65811d6c4d3a64182333d455b0/watchfiles-0.21.0-cp39-none-win_amd64.whl", hash = "sha256:6cb8fdc044909e2078c248986f2fc76f911f72b51ea4a4fbbf472e01d14faa58", size = 280029 },
	{ url = "https://files.pythonhosted.org/packages/62/66/7463ceb43eabc6deaa795c7969ff4d4fd938de54e655035483dfd1e97c84/watchfiles-0.21.0-pp310-pypy310_pp73-macosx_10_7_x86_64.whl", hash = "sha256:ab03a90b305d2588e8352168e8c5a1520b721d2d367f31e9332c4235b30b8994", size = 429092 },
	{ url = "https://files.pythonhosted.org/packages/fe/a3/42686af3a089f34aba35c39abac852869661938dae7025c1a0580dfe0fbf/watchfiles-0.21.0-pp310-pypy310_pp73-macosx_11_0_arm64.whl", hash = "sha256:927c589500f9f41e370b0125c12ac9e7d3a2fd166b89e9ee2828b3dda20bfe6f", size = 419188 },
	{ url = "https://files.pythonhosted.org/packages/37/17/4825999346f15d650f4c69093efa64fb040fbff4f706a20e8c4745f64070/watchfiles-0.21.0-pp310-pypy310_pp73-manylinux_2_17_aarch64.manylinux2014_aarch64.whl", hash = "sha256:1bd467213195e76f838caf2c28cd65e58302d0254e636e7c0fca81efa4a2e62c", size = 1350366 },
	{ url = "https://files.pythonhosted.org/packages/70/76/8d124e14cf51af4d6bba926c7473f253c6efd1539ba62577f079a2d71537/watchfiles-0.21.0-pp310-pypy310_pp73-manylinux_2_17_x86_64.manylinux2014_x86_64.whl", hash = "sha256:02b73130687bc3f6bb79d8a170959042eb56eb3a42df3671c79b428cd73f17cc", size = 1346270 },
	{ url = "https://files.pythonhosted.org/packages/2c/c8/d9cc95f365019b21d0500bc38805d9789017c441feba823d52490a8b0b3a/watchfiles-0.21.0-pp38-pypy38_pp73-macosx_10_7_x86_64.whl", hash = "sha256:08dca260e85ffae975448e344834d765983237ad6dc308231aa16e7933db763e", size = 429195 },
	{ url = "https://files.pythonhosted.org/packages/8c/8f/1ac72ff562a51adae43ef312ed8938adb488405a8639d00fe3d982137c3b/watchfiles-0.21.0-pp38-pypy38_pp73-macosx_11_0_arm64.whl", hash = "sha256:3ccceb50c611c433145502735e0370877cced72a6c70fd2410238bcbc7fe51d8", size = 419369 },
	{ url = "https://files.pythonhosted.org/packages/9e/8f/d93a72e531fa3c94227acb68932acda6401a45a9f76e92e848eec3499676/watchfiles-0.21.0-pp38-pypy38_pp73-manylinux_2_17_aarch64.manylinux2014_aarch64.whl", hash = "sha256:57d430f5fb63fea141ab71ca9c064e80de3a20b427ca2febcbfcef70ff0ce895", size = 1350069 },
	{ url = "https://files.pythonhosted.org/packages/93/60/c35694cf2e894796b65afba9b93555f9adbcc02e251fd8fb1703848cf691/watchfiles-0.21.0-pp38-pypy38_pp73-manylinux_2_17_x86_64.manylinux2014_x86_64.whl", hash = "sha256:0dd5fad9b9c0dd89904bbdea978ce89a2b692a7ee8a0ce19b940e538c88a809c", size = 1346956 },
	{ url = "https://files.pythonhosted.org/packages/69/b6/ccf285a6f82daf072717d7aaef71e7ec7f2b6ed858bedf332c06f86cec02/watchfiles-0.21.0-pp39-pypy39_pp73-macosx_10_7_x86_64.whl", hash = "sha256:be6dd5d52b73018b21adc1c5d28ac0c68184a64769052dfeb0c5d9998e7f56a2", size = 429050 },
	{ url = "https://files.pythonhosted.org/packages/36/2a/6e91ce9b251e615cd672d35ede3a67a3ccd3734beaf3c1706134b2cc98e3/watchfiles-0.21.0-pp39-pypy39_pp73-macosx_11_0_arm64.whl", hash = "sha256:b3cab0e06143768499384a8a5efb9c4dc53e19382952859e4802f294214f36ec", size = 419188 },
	{ url = "https://files.pythonhosted.org/packages/04/ea/682d7ce1bdab35908355bf71f7c30d8dbf8fc1cf2259bc4bd4b9917869ee/watchfiles-0.21.0-pp39-pypy39_pp73-manylinux_2_17_aarch64.manylinux2014_aarch64.whl", hash = "sha256:8c6ed10c2497e5fedadf61e465b3ca12a19f96004c15dcffe4bd442ebadc2d85", size = 1349344 },
	{ url = "https://files.pythonhosted.org/packages/03/27/9386a4dff4fc415dd072c1d15f2cb995845aaa15029196c36f2449bd7e12/watchfiles-0.21.0-pp39-pypy39_pp73-manylinux_2_17_x86_64.manylinux2014_x86_64.whl", hash = "sha256:43babacef21c519bc6631c5fce2a61eccdfc011b4bcb9047255e9620732c8097", size = 1346343 }
]

[[distribution.dependencies]]
name = "anyio"
version = "4.4.0"
source = "registry+https://pypi.org/simple"

[[distribution]]
name = "zipp"
version = "3.19.2"
source = "registry+https://pypi.org/simple"
marker = "python_version < '3.10'"
sdist = { url = "https://files.pythonhosted.org/packages/d3/20/b48f58857d98dcb78f9e30ed2cfe533025e2e9827bbd36ea0a64cc00cbc1/zipp-3.19.2.tar.gz", hash = "sha256:bf1dcf6450f873a13e952a29504887c89e6de7506209e5b1bcc3460135d4de19", size = 22922 }
wheels = [{ url = "https://files.pythonhosted.org/packages/20/38/f5c473fe9b90c8debdd29ea68d5add0289f1936d6f923b6b9cc0b931194c/zipp-3.19.2-py3-none-any.whl", hash = "sha256:f091755f667055f2d02b32c53771a7a6c8b47e1fdbc4b72a8b9072b3eef8015c", size = 9039 }]
